
Microsoft Visual Studio Solution File, Format Version 12.00
# Visual Studio Version 17
VisualStudioVersion = 17.0.31912.275
MinimumVisualStudioVersion = 10.0.40219.1
Project("{2150E333-8FDC-42A3-9474-1A3956D46DE8}") = "Modules", "Modules", "{D42FF479-F331-48F6-AAA2-45B9FD451892}"
EndProject
Project("{9A19103F-16F7-4668-BE54-9A1E7A4F7556}") = "BXJG.File", "src\Modules\BXJG.File\BXJG.File.csproj", "{0773DDFD-ABAC-4B01-89DD-3ACC90C78A22}"
EndProject
Project("{9A19103F-16F7-4668-BE54-9A1E7A4F7556}") = "BXJG.Attachment", "src\Modules\BXJG.Attachment\BXJG.Attachment.csproj", "{71060AA1-EA2A-4E0D-8CE5-990DE9E57EF2}"
EndProject
Project("{9A19103F-16F7-4668-BE54-9A1E7A4F7556}") = "BXJG.GeneralTree", "src\Modules\BXJG.GeneralTree\BXJG.GeneralTree.csproj", "{528C048F-66A5-40A4-9598-F676537BD481}"
EndProject
Project("{9A19103F-16F7-4668-BE54-9A1E7A4F7556}") = "BXJG.Utils", "src\modules\BXJG.Utils\BXJG.Utils.csproj", "{AF224A98-5C8A-4EDA-8341-B704B46D4B3E}"
EndProject
Project("{2150E333-8FDC-42A3-9474-1A3956D46DE8}") = "src", "src", "{04E5EC1B-C5AD-473B-A833-DC9C2CB4627E}"
EndProject
Project("{9A19103F-16F7-4668-BE54-9A1E7A4F7556}") = "BXJG.WeChat", "src\libs\BXJG.Wechat\BXJG.WeChat.csproj", "{0135FD4A-1407-48DB-8825-572338DD9902}"
EndProject
Project("{9A19103F-16F7-4668-BE54-9A1E7A4F7556}") = "BXJG.Common", "src\libs\BXJG.Common\BXJG.Common.csproj", "{79F31531-CFFC-4D6C-B409-5DD4EB830283}"
EndProject
Project("{2150E333-8FDC-42A3-9474-1A3956D46DE8}") = "Libs", "Libs", "{40F12CA4-F153-4F4E-AB26-E044EF0D0F7E}"
EndProject
Project("{9A19103F-16F7-4668-BE54-9A1E7A4F7556}") = "BXJG.WeChat.Abp", "src\Modules\BXJG.WeChat.Abp\BXJG.WeChat.Abp.csproj", "{8F980AC0-C0DA-45E6-88BC-4235AA6AC9C1}"
EndProject
Project("{9A19103F-16F7-4668-BE54-9A1E7A4F7556}") = "BXJG.Common.Web", "src\libs\BXJG.Common.Web\BXJG.Common.Web.csproj", "{FAC74AD9-FB47-4429-A697-56CA6513E8B1}"
EndProject
Project("{9A19103F-16F7-4668-BE54-9A1E7A4F7556}") = "BXJG.Utils.Web", "src\modules\BXJG.Utils.Web\BXJG.Utils.Web.csproj", "{B4D49ADD-F501-4AD6-81F3-EA4AAE6EF131}"
EndProject
Project("{9A19103F-16F7-4668-BE54-9A1E7A4F7556}") = "BXJG.WeChat.Web", "src\libs\BXJG.WeChat.Web\BXJG.WeChat.Web.csproj", "{C9671324-D11F-40A9-839C-C20AF2E16F31}"
EndProject
Project("{9A19103F-16F7-4668-BE54-9A1E7A4F7556}") = "BXJG.Utils.Application", "src\Modules\BXJG.Utils.Application\BXJG.Utils.Application.csproj", "{439F1981-7D51-41A4-9CC6-CC2538D6CA3C}"
EndProject
Project("{2150E333-8FDC-42A3-9474-1A3956D46DE8}") = "WorkOrder", "WorkOrder", "{4BCA85B3-CF6F-479C-A8FF-0499961FF730}"
EndProject
Project("{9A19103F-16F7-4668-BE54-9A1E7A4F7556}") = "BXJG.WorkOrder.Core", "src\WorkOrder\BXJG.WorkOrder.Core\BXJG.WorkOrder.Core.csproj", "{A37A0539-6A26-4987-BDA2-18445B03A174}"
EndProject
Project("{9A19103F-16F7-4668-BE54-9A1E7A4F7556}") = "BXJG.WorkOrder.EFCore", "src\WorkOrder\BXJG.WorkOrder.EFCore\BXJG.WorkOrder.EFCore.csproj", "{2FEDD160-1235-470C-B4AB-F797D330B418}"
EndProject
Project("{9A19103F-16F7-4668-BE54-9A1E7A4F7556}") = "BXJG.WorkOrder.Application", "src\WorkOrder\BXJG.WorkOrder.Application\BXJG.WorkOrder.Application.csproj", "{32669583-820F-4754-A162-F277DAC7C5C9}"
EndProject
Project("{9A19103F-16F7-4668-BE54-9A1E7A4F7556}") = "BXJG.WorkOrder.EmployeeApplication", "src\WorkOrder\BXJG.WorkOrder.EmployeeApplication\BXJG.WorkOrder.EmployeeApplication.csproj", "{DD0EC66D-EED5-4A9A-AF87-7988D5D371FF}"
EndProject
Project("{9A19103F-16F7-4668-BE54-9A1E7A4F7556}") = "BXJG.WorkOrder.CommonApplication", "src\WorkOrder\BXJG.WorkOrder.CommonApplication\BXJG.WorkOrder.CommonApplication.csproj", "{D35D8C6F-DEF7-47CE-9808-D2758A28AD13}"
EndProject
Project("{9A19103F-16F7-4668-BE54-9A1E7A4F7556}") = "BXJG.DynamicAssociateEntity.Core", "src\Modules\BXJG.DynamicAssociateEntity.Core\BXJG.DynamicAssociateEntity.Core.csproj", "{B282FCAF-3487-4CE6-9FE1-8D1CA8B9E30F}"
EndProject
Project("{9A19103F-16F7-4668-BE54-9A1E7A4F7556}") = "BXJG.DynamicAssociateEntity.Application", "src\Modules\BXJG.DynamicAssociateEntity.Application\BXJG.DynamicAssociateEntity.Application.csproj", "{BBFE1BDC-4F1D-4706-BA7F-D06777C08F10}"
EndProject
Project("{2150E333-8FDC-42A3-9474-1A3956D46DE8}") = "BXJGUtils", "BXJGUtils", "{A7F7BC2D-CEE6-4249-BD52-F26615109442}"
EndProject
Project("{9A19103F-16F7-4668-BE54-9A1E7A4F7556}") = "BXJG.Utils.EFCore", "src\modules\BXJG.Utils.EFCore\BXJG.Utils.EFCore.csproj", "{1F1D6713-C18D-4449-83EC-BE1E0ACDE65C}"
EndProject
Project("{9A19103F-16F7-4668-BE54-9A1E7A4F7556}") = "BXJG.BlazorServerLogger", "src\Libs\BXJG.BlazorServerLogger\BXJG.BlazorServerLogger.csproj", "{4A642737-4C16-437D-A0FF-57A8FAEDB90F}"
EndProject
Project("{9A19103F-16F7-4668-BE54-9A1E7A4F7556}") = "BXJG.Common.EFCore", "src\Libs\BXJG.Common.EFCore\BXJG.Common.EFCore.csproj", "{0C173217-4172-4456-878A-EEC51DBE9665}"
EndProject
Project("{9A19103F-16F7-4668-BE54-9A1E7A4F7556}") = "BXJG.BlazorECharts", "src\Libs\BXJG.BlazorECharts\BXJG.BlazorECharts.csproj", "{B1D4D3EB-6074-4AFD-885B-AE1392BC700C}"
EndProject
Project("{9A19103F-16F7-4668-BE54-9A1E7A4F7556}") = "BXJG.BlazorSerial", "src\Libs\BXJG.BlazorSerial\BXJG.BlazorSerial.csproj", "{0D5F819F-EE54-4ACB-B3EA-3DE3C94C3E74}"
EndProject
Project("{FAE04EC0-301F-11D3-BF4B-00C04F79EFBC}") = "BXJG.AbpZero.Cap.EFCore", "src\Modules\BXJG.AbpZero.Cap.EFCore\BXJG.AbpZero.Cap.EFCore.csproj", "{6BCD2116-1AC0-489D-9D75-5B70C545F306}"
EndProject
Global
	GlobalSection(SolutionConfigurationPlatforms) = preSolution
		Debug|Any CPU = Debug|Any CPU
		Release|Any CPU = Release|Any CPU
	EndGlobalSection
	GlobalSection(ProjectConfigurationPlatforms) = postSolution
		{0773DDFD-ABAC-4B01-89DD-3ACC90C78A22}.Debug|Any CPU.ActiveCfg = Debug|Any CPU
		{0773DDFD-ABAC-4B01-89DD-3ACC90C78A22}.Debug|Any CPU.Build.0 = Debug|Any CPU
		{0773DDFD-ABAC-4B01-89DD-3ACC90C78A22}.Release|Any CPU.ActiveCfg = Release|Any CPU
		{0773DDFD-ABAC-4B01-89DD-3ACC90C78A22}.Release|Any CPU.Build.0 = Release|Any CPU
		{71060AA1-EA2A-4E0D-8CE5-990DE9E57EF2}.Debug|Any CPU.ActiveCfg = Debug|Any CPU
		{71060AA1-EA2A-4E0D-8CE5-990DE9E57EF2}.Debug|Any CPU.Build.0 = Debug|Any CPU
		{71060AA1-EA2A-4E0D-8CE5-990DE9E57EF2}.Release|Any CPU.ActiveCfg = Release|Any CPU
		{71060AA1-EA2A-4E0D-8CE5-990DE9E57EF2}.Release|Any CPU.Build.0 = Release|Any CPU
		{528C048F-66A5-40A4-9598-F676537BD481}.Debug|Any CPU.ActiveCfg = Debug|Any CPU
		{528C048F-66A5-40A4-9598-F676537BD481}.Debug|Any CPU.Build.0 = Debug|Any CPU
		{528C048F-66A5-40A4-9598-F676537BD481}.Release|Any CPU.ActiveCfg = Release|Any CPU
		{528C048F-66A5-40A4-9598-F676537BD481}.Release|Any CPU.Build.0 = Release|Any CPU
		{AF224A98-5C8A-4EDA-8341-B704B46D4B3E}.Debug|Any CPU.ActiveCfg = Debug|Any CPU
		{AF224A98-5C8A-4EDA-8341-B704B46D4B3E}.Debug|Any CPU.Build.0 = Debug|Any CPU
		{AF224A98-5C8A-4EDA-8341-B704B46D4B3E}.Release|Any CPU.ActiveCfg = Release|Any CPU
		{AF224A98-5C8A-4EDA-8341-B704B46D4B3E}.Release|Any CPU.Build.0 = Release|Any CPU
		{0135FD4A-1407-48DB-8825-572338DD9902}.Debug|Any CPU.ActiveCfg = Debug|Any CPU
		{0135FD4A-1407-48DB-8825-572338DD9902}.Debug|Any CPU.Build.0 = Debug|Any CPU
		{0135FD4A-1407-48DB-8825-572338DD9902}.Release|Any CPU.ActiveCfg = Release|Any CPU
		{0135FD4A-1407-48DB-8825-572338DD9902}.Release|Any CPU.Build.0 = Release|Any CPU
		{79F31531-CFFC-4D6C-B409-5DD4EB830283}.Debug|Any CPU.ActiveCfg = Debug|Any CPU
		{79F31531-CFFC-4D6C-B409-5DD4EB830283}.Debug|Any CPU.Build.0 = Debug|Any CPU
		{79F31531-CFFC-4D6C-B409-5DD4EB830283}.Release|Any CPU.ActiveCfg = Release|Any CPU
		{79F31531-CFFC-4D6C-B409-5DD4EB830283}.Release|Any CPU.Build.0 = Release|Any CPU
		{8F980AC0-C0DA-45E6-88BC-4235AA6AC9C1}.Debug|Any CPU.ActiveCfg = Debug|Any CPU
		{8F980AC0-C0DA-45E6-88BC-4235AA6AC9C1}.Debug|Any CPU.Build.0 = Debug|Any CPU
		{8F980AC0-C0DA-45E6-88BC-4235AA6AC9C1}.Release|Any CPU.ActiveCfg = Release|Any CPU
		{8F980AC0-C0DA-45E6-88BC-4235AA6AC9C1}.Release|Any CPU.Build.0 = Release|Any CPU
		{FAC74AD9-FB47-4429-A697-56CA6513E8B1}.Debug|Any CPU.ActiveCfg = Debug|Any CPU
		{FAC74AD9-FB47-4429-A697-56CA6513E8B1}.Debug|Any CPU.Build.0 = Debug|Any CPU
		{FAC74AD9-FB47-4429-A697-56CA6513E8B1}.Release|Any CPU.ActiveCfg = Release|Any CPU
		{FAC74AD9-FB47-4429-A697-56CA6513E8B1}.Release|Any CPU.Build.0 = Release|Any CPU
		{B4D49ADD-F501-4AD6-81F3-EA4AAE6EF131}.Debug|Any CPU.ActiveCfg = Debug|Any CPU
		{B4D49ADD-F501-4AD6-81F3-EA4AAE6EF131}.Debug|Any CPU.Build.0 = Debug|Any CPU
		{B4D49ADD-F501-4AD6-81F3-EA4AAE6EF131}.Release|Any CPU.ActiveCfg = Release|Any CPU
		{B4D49ADD-F501-4AD6-81F3-EA4AAE6EF131}.Release|Any CPU.Build.0 = Release|Any CPU
		{C9671324-D11F-40A9-839C-C20AF2E16F31}.Debug|Any CPU.ActiveCfg = Debug|Any CPU
		{C9671324-D11F-40A9-839C-C20AF2E16F31}.Debug|Any CPU.Build.0 = Debug|Any CPU
		{C9671324-D11F-40A9-839C-C20AF2E16F31}.Release|Any CPU.ActiveCfg = Release|Any CPU
		{C9671324-D11F-40A9-839C-C20AF2E16F31}.Release|Any CPU.Build.0 = Release|Any CPU
		{439F1981-7D51-41A4-9CC6-CC2538D6CA3C}.Debug|Any CPU.ActiveCfg = Debug|Any CPU
		{439F1981-7D51-41A4-9CC6-CC2538D6CA3C}.Debug|Any CPU.Build.0 = Debug|Any CPU
		{439F1981-7D51-41A4-9CC6-CC2538D6CA3C}.Release|Any CPU.ActiveCfg = Release|Any CPU
		{439F1981-7D51-41A4-9CC6-CC2538D6CA3C}.Release|Any CPU.Build.0 = Release|Any CPU
		{A37A0539-6A26-4987-BDA2-18445B03A174}.Debug|Any CPU.ActiveCfg = Debug|Any CPU
		{A37A0539-6A26-4987-BDA2-18445B03A174}.Debug|Any CPU.Build.0 = Debug|Any CPU
		{A37A0539-6A26-4987-BDA2-18445B03A174}.Release|Any CPU.ActiveCfg = Release|Any CPU
		{A37A0539-6A26-4987-BDA2-18445B03A174}.Release|Any CPU.Build.0 = Release|Any CPU
		{2FEDD160-1235-470C-B4AB-F797D330B418}.Debug|Any CPU.ActiveCfg = Debug|Any CPU
		{2FEDD160-1235-470C-B4AB-F797D330B418}.Debug|Any CPU.Build.0 = Debug|Any CPU
		{2FEDD160-1235-470C-B4AB-F797D330B418}.Release|Any CPU.ActiveCfg = Release|Any CPU
		{2FEDD160-1235-470C-B4AB-F797D330B418}.Release|Any CPU.Build.0 = Release|Any CPU
		{32669583-820F-4754-A162-F277DAC7C5C9}.Debug|Any CPU.ActiveCfg = Debug|Any CPU
		{32669583-820F-4754-A162-F277DAC7C5C9}.Debug|Any CPU.Build.0 = Debug|Any CPU
		{32669583-820F-4754-A162-F277DAC7C5C9}.Release|Any CPU.ActiveCfg = Release|Any CPU
		{32669583-820F-4754-A162-F277DAC7C5C9}.Release|Any CPU.Build.0 = Release|Any CPU
		{DD0EC66D-EED5-4A9A-AF87-7988D5D371FF}.Debug|Any CPU.ActiveCfg = Debug|Any CPU
		{DD0EC66D-EED5-4A9A-AF87-7988D5D371FF}.Debug|Any CPU.Build.0 = Debug|Any CPU
		{DD0EC66D-EED5-4A9A-AF87-7988D5D371FF}.Release|Any CPU.ActiveCfg = Release|Any CPU
		{DD0EC66D-EED5-4A9A-AF87-7988D5D371FF}.Release|Any CPU.Build.0 = Release|Any CPU
		{D35D8C6F-DEF7-47CE-9808-D2758A28AD13}.Debug|Any CPU.ActiveCfg = Debug|Any CPU
		{D35D8C6F-DEF7-47CE-9808-D2758A28AD13}.Debug|Any CPU.Build.0 = Debug|Any CPU
		{D35D8C6F-DEF7-47CE-9808-D2758A28AD13}.Release|Any CPU.ActiveCfg = Release|Any CPU
		{D35D8C6F-DEF7-47CE-9808-D2758A28AD13}.Release|Any CPU.Build.0 = Release|Any CPU
		{B282FCAF-3487-4CE6-9FE1-8D1CA8B9E30F}.Debug|Any CPU.ActiveCfg = Debug|Any CPU
		{B282FCAF-3487-4CE6-9FE1-8D1CA8B9E30F}.Debug|Any CPU.Build.0 = Debug|Any CPU
		{B282FCAF-3487-4CE6-9FE1-8D1CA8B9E30F}.Release|Any CPU.ActiveCfg = Release|Any CPU
		{B282FCAF-3487-4CE6-9FE1-8D1CA8B9E30F}.Release|Any CPU.Build.0 = Release|Any CPU
		{BBFE1BDC-4F1D-4706-BA7F-D06777C08F10}.Debug|Any CPU.ActiveCfg = Debug|Any CPU
		{BBFE1BDC-4F1D-4706-BA7F-D06777C08F10}.Debug|Any CPU.Build.0 = Debug|Any CPU
		{BBFE1BDC-4F1D-4706-BA7F-D06777C08F10}.Release|Any CPU.ActiveCfg = Release|Any CPU
		{BBFE1BDC-4F1D-4706-BA7F-D06777C08F10}.Release|Any CPU.Build.0 = Release|Any CPU
		{1F1D6713-C18D-4449-83EC-BE1E0ACDE65C}.Debug|Any CPU.ActiveCfg = Debug|Any CPU
		{1F1D6713-C18D-4449-83EC-BE1E0ACDE65C}.Debug|Any CPU.Build.0 = Debug|Any CPU
		{1F1D6713-C18D-4449-83EC-BE1E0ACDE65C}.Release|Any CPU.ActiveCfg = Release|Any CPU
		{1F1D6713-C18D-4449-83EC-BE1E0ACDE65C}.Release|Any CPU.Build.0 = Release|Any CPU
		{4A642737-4C16-437D-A0FF-57A8FAEDB90F}.Debug|Any CPU.ActiveCfg = Debug|Any CPU
		{4A642737-4C16-437D-A0FF-57A8FAEDB90F}.Debug|Any CPU.Build.0 = Debug|Any CPU
		{4A642737-4C16-437D-A0FF-57A8FAEDB90F}.Release|Any CPU.ActiveCfg = Release|Any CPU
		{4A642737-4C16-437D-A0FF-57A8FAEDB90F}.Release|Any CPU.Build.0 = Release|Any CPU
		{0C173217-4172-4456-878A-EEC51DBE9665}.Debug|Any CPU.ActiveCfg = Debug|Any CPU
		{0C173217-4172-4456-878A-EEC51DBE9665}.Debug|Any CPU.Build.0 = Debug|Any CPU
		{0C173217-4172-4456-878A-EEC51DBE9665}.Release|Any CPU.ActiveCfg = Release|Any CPU
		{0C173217-4172-4456-878A-EEC51DBE9665}.Release|Any CPU.Build.0 = Release|Any CPU
		{B1D4D3EB-6074-4AFD-885B-AE1392BC700C}.Debug|Any CPU.ActiveCfg = Debug|Any CPU
		{B1D4D3EB-6074-4AFD-885B-AE1392BC700C}.Debug|Any CPU.Build.0 = Debug|Any CPU
		{B1D4D3EB-6074-4AFD-885B-AE1392BC700C}.Release|Any CPU.ActiveCfg = Release|Any CPU
		{B1D4D3EB-6074-4AFD-885B-AE1392BC700C}.Release|Any CPU.Build.0 = Release|Any CPU
		{0D5F819F-EE54-4ACB-B3EA-3DE3C94C3E74}.Debug|Any CPU.ActiveCfg = Debug|Any CPU
		{0D5F819F-EE54-4ACB-B3EA-3DE3C94C3E74}.Debug|Any CPU.Build.0 = Debug|Any CPU
		{0D5F819F-EE54-4ACB-B3EA-3DE3C94C3E74}.Release|Any CPU.ActiveCfg = Release|Any CPU
		{0D5F819F-EE54-4ACB-B3EA-3DE3C94C3E74}.Release|Any CPU.Build.0 = Release|Any CPU
		{6BCD2116-1AC0-489D-9D75-5B70C545F306}.Debug|Any CPU.ActiveCfg = Debug|Any CPU
		{6BCD2116-1AC0-489D-9D75-5B70C545F306}.Debug|Any CPU.Build.0 = Debug|Any CPU
		{6BCD2116-1AC0-489D-9D75-5B70C545F306}.Release|Any CPU.ActiveCfg = Release|Any CPU
		{6BCD2116-1AC0-489D-9D75-5B70C545F306}.Release|Any CPU.Build.0 = Release|Any CPU
	EndGlobalSection
	GlobalSection(SolutionProperties) = preSolution
		HideSolutionNode = FALSE
	EndGlobalSection
	GlobalSection(NestedProjects) = preSolution
		{D42FF479-F331-48F6-AAA2-45B9FD451892} = {04E5EC1B-C5AD-473B-A833-DC9C2CB4627E}
		{0773DDFD-ABAC-4B01-89DD-3ACC90C78A22} = {D42FF479-F331-48F6-AAA2-45B9FD451892}
		{71060AA1-EA2A-4E0D-8CE5-990DE9E57EF2} = {D42FF479-F331-48F6-AAA2-45B9FD451892}
		{528C048F-66A5-40A4-9598-F676537BD481} = {D42FF479-F331-48F6-AAA2-45B9FD451892}
		{AF224A98-5C8A-4EDA-8341-B704B46D4B3E} = {A7F7BC2D-CEE6-4249-BD52-F26615109442}
		{0135FD4A-1407-48DB-8825-572338DD9902} = {40F12CA4-F153-4F4E-AB26-E044EF0D0F7E}
		{79F31531-CFFC-4D6C-B409-5DD4EB830283} = {40F12CA4-F153-4F4E-AB26-E044EF0D0F7E}
		{40F12CA4-F153-4F4E-AB26-E044EF0D0F7E} = {04E5EC1B-C5AD-473B-A833-DC9C2CB4627E}
		{8F980AC0-C0DA-45E6-88BC-4235AA6AC9C1} = {D42FF479-F331-48F6-AAA2-45B9FD451892}
		{FAC74AD9-FB47-4429-A697-56CA6513E8B1} = {40F12CA4-F153-4F4E-AB26-E044EF0D0F7E}
		{B4D49ADD-F501-4AD6-81F3-EA4AAE6EF131} = {A7F7BC2D-CEE6-4249-BD52-F26615109442}
		{C9671324-D11F-40A9-839C-C20AF2E16F31} = {40F12CA4-F153-4F4E-AB26-E044EF0D0F7E}
		{439F1981-7D51-41A4-9CC6-CC2538D6CA3C} = {A7F7BC2D-CEE6-4249-BD52-F26615109442}
		{4BCA85B3-CF6F-479C-A8FF-0499961FF730} = {04E5EC1B-C5AD-473B-A833-DC9C2CB4627E}
		{A37A0539-6A26-4987-BDA2-18445B03A174} = {4BCA85B3-CF6F-479C-A8FF-0499961FF730}
		{2FEDD160-1235-470C-B4AB-F797D330B418} = {4BCA85B3-CF6F-479C-A8FF-0499961FF730}
		{32669583-820F-4754-A162-F277DAC7C5C9} = {4BCA85B3-CF6F-479C-A8FF-0499961FF730}
		{DD0EC66D-EED5-4A9A-AF87-7988D5D371FF} = {4BCA85B3-CF6F-479C-A8FF-0499961FF730}
		{D35D8C6F-DEF7-47CE-9808-D2758A28AD13} = {4BCA85B3-CF6F-479C-A8FF-0499961FF730}
		{B282FCAF-3487-4CE6-9FE1-8D1CA8B9E30F} = {D42FF479-F331-48F6-AAA2-45B9FD451892}
		{BBFE1BDC-4F1D-4706-BA7F-D06777C08F10} = {D42FF479-F331-48F6-AAA2-45B9FD451892}
		{A7F7BC2D-CEE6-4249-BD52-F26615109442} = {D42FF479-F331-48F6-AAA2-45B9FD451892}
		{1F1D6713-C18D-4449-83EC-BE1E0ACDE65C} = {A7F7BC2D-CEE6-4249-BD52-F26615109442}
		{4A642737-4C16-437D-A0FF-57A8FAEDB90F} = {40F12CA4-F153-4F4E-AB26-E044EF0D0F7E}
		{0C173217-4172-4456-878A-EEC51DBE9665} = {40F12CA4-F153-4F4E-AB26-E044EF0D0F7E}
		{B1D4D3EB-6074-4AFD-885B-AE1392BC700C} = {40F12CA4-F153-4F4E-AB26-E044EF0D0F7E}
		{0D5F819F-EE54-4ACB-B3EA-3DE3C94C3E74} = {40F12CA4-F153-4F4E-AB26-E044EF0D0F7E}
		{6BCD2116-1AC0-489D-9D75-5B70C545F306} = {D42FF479-F331-48F6-AAA2-45B9FD451892}
	EndGlobalSection
	GlobalSection(ExtensibilityGlobals) = postSolution
		SolutionGuid = {F45DD46C-6040-4FCC-87E0-648786C36933}
	EndGlobalSection
EndGlobal
