
Microsoft Visual Studio Solution File, Format Version 12.00
# Visual Studio Version 16
VisualStudioVersion = 16.0.29806.167
MinimumVisualStudioVersion = 10.0.40219.1
Project("{9A19103F-16F7-4668-BE54-9A1E7A4F7556}") = "ZLJ.Core", "src\ZLJ.Core\ZLJ.Core.csproj", "{0FA75A5B-AB83-4FD0-B545-279774C01E87}"
EndProject
Project("{9A19103F-16F7-4668-BE54-9A1E7A4F7556}") = "ZLJ.Application", "src\ZLJ.Application\ZLJ.Application.csproj", "{3870C648-4AEA-4B85-BA3F-F2F63B96136A}"
EndProject
Project("{9A19103F-16F7-4668-BE54-9A1E7A4F7556}") = "ZLJ.Migrator", "src\ZLJ.Migrator\ZLJ.Migrator.csproj", "{880B3591-E057-46FE-B525-10BD83828B93}"
EndProject
Project("{9A19103F-16F7-4668-BE54-9A1E7A4F7556}") = "ZLJ.Web.Host", "src\ZLJ.Web.Host\ZLJ.Web.Host.csproj", "{38E184BD-E874-4633-A947-AED4FDB73F40}"
EndProject
Project("{9A19103F-16F7-4668-BE54-9A1E7A4F7556}") = "ZLJ.Web.Core", "src\ZLJ.Web.Core\ZLJ.Web.Core.csproj", "{22CFE0D2-8DCA-42D7-AD7D-784C3862493F}"
EndProject
Project("{9A19103F-16F7-4668-BE54-9A1E7A4F7556}") = "ZLJ.Web.Mvc", "src\ZLJ.Web.Mvc\ZLJ.Web.Mvc.csproj", "{A2213374-BB48-48FD-BBD4-81E6A961D866}"
EndProject
Project("{9A19103F-16F7-4668-BE54-9A1E7A4F7556}") = "ZLJ.EntityFrameworkCore", "src\ZLJ.EntityFrameworkCore\ZLJ.EntityFrameworkCore.csproj", "{E0580562-F8F2-4EBB-B07A-ABFC6F2C314F}"
EndProject
Project("{2150E333-8FDC-42A3-9474-1A3956D46DE8}") = "Modules", "Modules", "{D42FF479-F331-48F6-AAA2-45B9FD451892}"
EndProject
Project("{9A19103F-16F7-4668-BE54-9A1E7A4F7556}") = "BXJG.File", "src\Modules\BXJG.File\BXJG.File.csproj", "{0773DDFD-ABAC-4B01-89DD-3ACC90C78A22}"
EndProject
Project("{9A19103F-16F7-4668-BE54-9A1E7A4F7556}") = "BXJG.Attachment", "src\Modules\BXJG.Attachment\BXJG.Attachment.csproj", "{71060AA1-EA2A-4E0D-8CE5-990DE9E57EF2}"
EndProject
Project("{9A19103F-16F7-4668-BE54-9A1E7A4F7556}") = "BXJG.GeneralTree", "src\Modules\BXJG.GeneralTree\BXJG.GeneralTree.csproj", "{528C048F-66A5-40A4-9598-F676537BD481}"
EndProject
Project("{9A19103F-16F7-4668-BE54-9A1E7A4F7556}") = "BXJG.Utils", "src\modules\BXJG.Utils\BXJG.Utils.csproj", "{AF224A98-5C8A-4EDA-8341-B704B46D4B3E}"
EndProject
Project("{2150E333-8FDC-42A3-9474-1A3956D46DE8}") = "src", "src", "{04E5EC1B-C5AD-473B-A833-DC9C2CB4627E}"
EndProject
Project("{9A19103F-16F7-4668-BE54-9A1E7A4F7556}") = "BXJG.WeChat", "src\libs\BXJG.Wechat\BXJG.WeChat.csproj", "{0135FD4A-1407-48DB-8825-572338DD9902}"
EndProject
Project("{2150E333-8FDC-42A3-9474-1A3956D46DE8}") = "Shop", "Shop", "{5CB7E57D-5618-4434-B500-15DDCCDDCCF1}"
EndProject
Project("{9A19103F-16F7-4668-BE54-9A1E7A4F7556}") = "BXJG.Shop.Core", "src\shop\BXJG.Shop.Core\BXJG.Shop.Core.csproj", "{61ED052E-E29E-433E-999C-A4BEED9F46E0}"
EndProject
Project("{9A19103F-16F7-4668-BE54-9A1E7A4F7556}") = "BXJG.Shop.Application", "src\shop\BXJG.Shop.Application\BXJG.Shop.Application.csproj", "{0482C67A-5001-4602-B93B-8D2F52221163}"
EndProject
Project("{9A19103F-16F7-4668-BE54-9A1E7A4F7556}") = "BXJG.Shop.EFCore", "src\shop\BXJG.Shop.EFCore\BXJG.Shop.EFCore.csproj", "{AD66AD3C-950E-42AE-BCA6-B6D1DEF4A956}"
EndProject
Project("{2150E333-8FDC-42A3-9474-1A3956D46DE8}") = "CMS", "CMS", "{EFA1D7C1-F006-4BEE-AFFD-53260672EE58}"
EndProject
Project("{9A19103F-16F7-4668-BE54-9A1E7A4F7556}") = "BXJG.CMS.Core", "src\cms\BXJG.CMS.Core\BXJG.CMS.Core.csproj", "{BC540F69-135B-4360-B3A9-BC07AB6E133B}"
EndProject
Project("{9A19103F-16F7-4668-BE54-9A1E7A4F7556}") = "BXJG.CMS.EFCore", "src\cms\BXJG.CMS.EFCore\BXJG.CMS.EFCore.csproj", "{83900778-6087-4F89-8C1C-35EFB4F34475}"
EndProject
Project("{9A19103F-16F7-4668-BE54-9A1E7A4F7556}") = "BXJG.CMS.Application", "src\cms\BXJG.CMS.Application\BXJG.CMS.Application.csproj", "{31EADCCB-006A-4425-BBDA-A58B7DFA05AA}"
EndProject
Project("{9A19103F-16F7-4668-BE54-9A1E7A4F7556}") = "BXJG.Common", "src\libs\BXJG.Common\BXJG.Common.csproj", "{79F31531-CFFC-4D6C-B409-5DD4EB830283}"
EndProject
Project("{2150E333-8FDC-42A3-9474-1A3956D46DE8}") = "Equipment", "Equipment", "{214A4B25-4EEC-4729-B68C-74FE69CC7B45}"
EndProject
Project("{9A19103F-16F7-4668-BE54-9A1E7A4F7556}") = "BXJG.Equipment.Core", "src\Equipment\BXJG.Equipment.Core\BXJG.Equipment.Core.csproj", "{59A72F48-0884-47AE-AABC-5B8B6577B923}"
EndProject
Project("{9A19103F-16F7-4668-BE54-9A1E7A4F7556}") = "BXJG.Equipment.Application", "src\Equipment\BXJG.Equipment.Application\BXJG.Equipment.Application.csproj", "{9C687A9B-85F8-4B98-8AFF-46DE7562E4A7}"
EndProject
Project("{9A19103F-16F7-4668-BE54-9A1E7A4F7556}") = "BXJG.Equipment.EFCore", "src\Equipment\BXJG.Equipment.EFCore\BXJG.Equipment.EFCore.csproj", "{CE743573-183A-46E0-8908-4B743F66F108}"
EndProject
Project("{2150E333-8FDC-42A3-9474-1A3956D46DE8}") = "BaseInfo", "BaseInfo", "{7771B203-C14E-4610-985A-9D423E2A91EA}"
EndProject
Project("{9A19103F-16F7-4668-BE54-9A1E7A4F7556}") = "BXJG.BaseInfo.Core", "src\BaseInfo\BXJG.BaseInfo.Core\BXJG.BaseInfo.Core.csproj", "{37DAF530-ED3F-4E37-80DD-9A41BF1972B0}"
EndProject
Project("{9A19103F-16F7-4668-BE54-9A1E7A4F7556}") = "BXJG.BaseInfo.EFCore", "src\baseinfo\BXJG.BaseInfo.EFCore\BXJG.BaseInfo.EFCore.csproj", "{2318E338-68A6-4D87-BA43-A8EBE7B631B8}"
EndProject
Project("{9A19103F-16F7-4668-BE54-9A1E7A4F7556}") = "BXJG.BaseInfo.Application", "src\BaseInfo\BXJG.BaseInfo.Application\BXJG.BaseInfo.Application.csproj", "{4705FCEC-11E7-4B0B-BAA6-A4ABDBCCC0B7}"
EndProject
Project("{2150E333-8FDC-42A3-9474-1A3956D46DE8}") = "Libs", "Libs", "{40F12CA4-F153-4F4E-AB26-E044EF0D0F7E}"
EndProject
Project("{9A19103F-16F7-4668-BE54-9A1E7A4F7556}") = "OxygenChamber.Server", "src\Equipment\OxygenChamber.Server\OxygenChamber.Server.csproj", "{68CAC733-359C-440F-B660-35733810156C}"
EndProject
Project("{9A19103F-16F7-4668-BE54-9A1E7A4F7556}") = "BXJG.Equipment.Share", "src\Equipment\BXJG.Equipment.Share\BXJG.Equipment.Share.csproj", "{139AEC88-19D0-4B44-8900-AB6F3140E070}"
EndProject
Project("{E24C65DC-7377-472B-9ABA-BC803B73C61A}") = "WebAdmin", "..\abpfront\src\WebAdmin\", "{55972824-9A8E-43C3-8CB8-6F438FE2E815}"
	ProjectSection(WebsiteProperties) = preProject
		TargetFrameworkMoniker = ".NETFramework,Version%3Dv4.5"
		Debug.AspNetCompiler.VirtualPath = "/localhost_52139"
		Debug.AspNetCompiler.PhysicalPath = "..\abpfront\src\WebAdmin\"
		Debug.AspNetCompiler.TargetPath = "PrecompiledWeb\localhost_52139\"
		Debug.AspNetCompiler.Updateable = "true"
		Debug.AspNetCompiler.ForceOverwrite = "true"
		Debug.AspNetCompiler.FixedNames = "false"
		Debug.AspNetCompiler.Debug = "True"
		Release.AspNetCompiler.VirtualPath = "/localhost_52139"
		Release.AspNetCompiler.PhysicalPath = "..\abpfront\src\WebAdmin\"
		Release.AspNetCompiler.TargetPath = "PrecompiledWeb\localhost_52139\"
		Release.AspNetCompiler.Updateable = "true"
		Release.AspNetCompiler.ForceOverwrite = "true"
		Release.AspNetCompiler.FixedNames = "false"
		Release.AspNetCompiler.Debug = "False"
		VWDPort = "52139"
		SlnRelativePath = "..\abpfront\src\WebAdmin\"
	EndProjectSection
EndProject
Global
	GlobalSection(SolutionConfigurationPlatforms) = preSolution
		Debug|Any CPU = Debug|Any CPU
		Release|Any CPU = Release|Any CPU
	EndGlobalSection
	GlobalSection(ProjectConfigurationPlatforms) = postSolution
		{0FA75A5B-AB83-4FD0-B545-279774C01E87}.Debug|Any CPU.ActiveCfg = Debug|Any CPU
		{0FA75A5B-AB83-4FD0-B545-279774C01E87}.Debug|Any CPU.Build.0 = Debug|Any CPU
		{0FA75A5B-AB83-4FD0-B545-279774C01E87}.Release|Any CPU.ActiveCfg = Release|Any CPU
		{0FA75A5B-AB83-4FD0-B545-279774C01E87}.Release|Any CPU.Build.0 = Release|Any CPU
		{3870C648-4AEA-4B85-BA3F-F2F63B96136A}.Debug|Any CPU.ActiveCfg = Debug|Any CPU
		{3870C648-4AEA-4B85-BA3F-F2F63B96136A}.Debug|Any CPU.Build.0 = Debug|Any CPU
		{3870C648-4AEA-4B85-BA3F-F2F63B96136A}.Release|Any CPU.ActiveCfg = Release|Any CPU
		{3870C648-4AEA-4B85-BA3F-F2F63B96136A}.Release|Any CPU.Build.0 = Release|Any CPU
		{880B3591-E057-46FE-B525-10BD83828B93}.Debug|Any CPU.ActiveCfg = Debug|Any CPU
		{880B3591-E057-46FE-B525-10BD83828B93}.Debug|Any CPU.Build.0 = Debug|Any CPU
		{880B3591-E057-46FE-B525-10BD83828B93}.Release|Any CPU.ActiveCfg = Release|Any CPU
		{880B3591-E057-46FE-B525-10BD83828B93}.Release|Any CPU.Build.0 = Release|Any CPU
		{38E184BD-E874-4633-A947-AED4FDB73F40}.Debug|Any CPU.ActiveCfg = Debug|Any CPU
		{38E184BD-E874-4633-A947-AED4FDB73F40}.Debug|Any CPU.Build.0 = Debug|Any CPU
		{38E184BD-E874-4633-A947-AED4FDB73F40}.Release|Any CPU.ActiveCfg = Release|Any CPU
		{38E184BD-E874-4633-A947-AED4FDB73F40}.Release|Any CPU.Build.0 = Release|Any CPU
		{22CFE0D2-8DCA-42D7-AD7D-784C3862493F}.Debug|Any CPU.ActiveCfg = Debug|Any CPU
		{22CFE0D2-8DCA-42D7-AD7D-784C3862493F}.Debug|Any CPU.Build.0 = Debug|Any CPU
		{22CFE0D2-8DCA-42D7-AD7D-784C3862493F}.Release|Any CPU.ActiveCfg = Release|Any CPU
		{22CFE0D2-8DCA-42D7-AD7D-784C3862493F}.Release|Any CPU.Build.0 = Release|Any CPU
		{A2213374-BB48-48FD-BBD4-81E6A961D866}.Debug|Any CPU.ActiveCfg = Debug|Any CPU
		{A2213374-BB48-48FD-BBD4-81E6A961D866}.Debug|Any CPU.Build.0 = Debug|Any CPU
		{A2213374-BB48-48FD-BBD4-81E6A961D866}.Release|Any CPU.ActiveCfg = Release|Any CPU
		{A2213374-BB48-48FD-BBD4-81E6A961D866}.Release|Any CPU.Build.0 = Release|Any CPU
		{E0580562-F8F2-4EBB-B07A-ABFC6F2C314F}.Debug|Any CPU.ActiveCfg = Debug|Any CPU
		{E0580562-F8F2-4EBB-B07A-ABFC6F2C314F}.Debug|Any CPU.Build.0 = Debug|Any CPU
		{E0580562-F8F2-4EBB-B07A-ABFC6F2C314F}.Release|Any CPU.ActiveCfg = Release|Any CPU
		{E0580562-F8F2-4EBB-B07A-ABFC6F2C314F}.Release|Any CPU.Build.0 = Release|Any CPU
		{0773DDFD-ABAC-4B01-89DD-3ACC90C78A22}.Debug|Any CPU.ActiveCfg = Debug|Any CPU
		{0773DDFD-ABAC-4B01-89DD-3ACC90C78A22}.Debug|Any CPU.Build.0 = Debug|Any CPU
		{0773DDFD-ABAC-4B01-89DD-3ACC90C78A22}.Release|Any CPU.ActiveCfg = Release|Any CPU
		{0773DDFD-ABAC-4B01-89DD-3ACC90C78A22}.Release|Any CPU.Build.0 = Release|Any CPU
		{71060AA1-EA2A-4E0D-8CE5-990DE9E57EF2}.Debug|Any CPU.ActiveCfg = Debug|Any CPU
		{71060AA1-EA2A-4E0D-8CE5-990DE9E57EF2}.Debug|Any CPU.Build.0 = Debug|Any CPU
		{71060AA1-EA2A-4E0D-8CE5-990DE9E57EF2}.Release|Any CPU.ActiveCfg = Release|Any CPU
		{71060AA1-EA2A-4E0D-8CE5-990DE9E57EF2}.Release|Any CPU.Build.0 = Release|Any CPU
		{528C048F-66A5-40A4-9598-F676537BD481}.Debug|Any CPU.ActiveCfg = Debug|Any CPU
		{528C048F-66A5-40A4-9598-F676537BD481}.Debug|Any CPU.Build.0 = Debug|Any CPU
		{528C048F-66A5-40A4-9598-F676537BD481}.Release|Any CPU.ActiveCfg = Release|Any CPU
		{528C048F-66A5-40A4-9598-F676537BD481}.Release|Any CPU.Build.0 = Release|Any CPU
		{AF224A98-5C8A-4EDA-8341-B704B46D4B3E}.Debug|Any CPU.ActiveCfg = Debug|Any CPU
		{AF224A98-5C8A-4EDA-8341-B704B46D4B3E}.Debug|Any CPU.Build.0 = Debug|Any CPU
		{AF224A98-5C8A-4EDA-8341-B704B46D4B3E}.Release|Any CPU.ActiveCfg = Release|Any CPU
		{AF224A98-5C8A-4EDA-8341-B704B46D4B3E}.Release|Any CPU.Build.0 = Release|Any CPU
		{0135FD4A-1407-48DB-8825-572338DD9902}.Debug|Any CPU.ActiveCfg = Debug|Any CPU
		{0135FD4A-1407-48DB-8825-572338DD9902}.Debug|Any CPU.Build.0 = Debug|Any CPU
		{0135FD4A-1407-48DB-8825-572338DD9902}.Release|Any CPU.ActiveCfg = Release|Any CPU
		{0135FD4A-1407-48DB-8825-572338DD9902}.Release|Any CPU.Build.0 = Release|Any CPU
		{61ED052E-E29E-433E-999C-A4BEED9F46E0}.Debug|Any CPU.ActiveCfg = Debug|Any CPU
		{61ED052E-E29E-433E-999C-A4BEED9F46E0}.Debug|Any CPU.Build.0 = Debug|Any CPU
		{61ED052E-E29E-433E-999C-A4BEED9F46E0}.Release|Any CPU.ActiveCfg = Release|Any CPU
		{61ED052E-E29E-433E-999C-A4BEED9F46E0}.Release|Any CPU.Build.0 = Release|Any CPU
		{0482C67A-5001-4602-B93B-8D2F52221163}.Debug|Any CPU.ActiveCfg = Debug|Any CPU
		{0482C67A-5001-4602-B93B-8D2F52221163}.Debug|Any CPU.Build.0 = Debug|Any CPU
		{0482C67A-5001-4602-B93B-8D2F52221163}.Release|Any CPU.ActiveCfg = Release|Any CPU
		{0482C67A-5001-4602-B93B-8D2F52221163}.Release|Any CPU.Build.0 = Release|Any CPU
		{AD66AD3C-950E-42AE-BCA6-B6D1DEF4A956}.Debug|Any CPU.ActiveCfg = Debug|Any CPU
		{AD66AD3C-950E-42AE-BCA6-B6D1DEF4A956}.Debug|Any CPU.Build.0 = Debug|Any CPU
		{AD66AD3C-950E-42AE-BCA6-B6D1DEF4A956}.Release|Any CPU.ActiveCfg = Release|Any CPU
		{AD66AD3C-950E-42AE-BCA6-B6D1DEF4A956}.Release|Any CPU.Build.0 = Release|Any CPU
		{BC540F69-135B-4360-B3A9-BC07AB6E133B}.Debug|Any CPU.ActiveCfg = Debug|Any CPU
		{BC540F69-135B-4360-B3A9-BC07AB6E133B}.Debug|Any CPU.Build.0 = Debug|Any CPU
		{BC540F69-135B-4360-B3A9-BC07AB6E133B}.Release|Any CPU.ActiveCfg = Release|Any CPU
		{BC540F69-135B-4360-B3A9-BC07AB6E133B}.Release|Any CPU.Build.0 = Release|Any CPU
		{83900778-6087-4F89-8C1C-35EFB4F34475}.Debug|Any CPU.ActiveCfg = Debug|Any CPU
		{83900778-6087-4F89-8C1C-35EFB4F34475}.Debug|Any CPU.Build.0 = Debug|Any CPU
		{83900778-6087-4F89-8C1C-35EFB4F34475}.Release|Any CPU.ActiveCfg = Release|Any CPU
		{83900778-6087-4F89-8C1C-35EFB4F34475}.Release|Any CPU.Build.0 = Release|Any CPU
		{31EADCCB-006A-4425-BBDA-A58B7DFA05AA}.Debug|Any CPU.ActiveCfg = Debug|Any CPU
		{31EADCCB-006A-4425-BBDA-A58B7DFA05AA}.Debug|Any CPU.Build.0 = Debug|Any CPU
		{31EADCCB-006A-4425-BBDA-A58B7DFA05AA}.Release|Any CPU.ActiveCfg = Release|Any CPU
		{31EADCCB-006A-4425-BBDA-A58B7DFA05AA}.Release|Any CPU.Build.0 = Release|Any CPU
		{79F31531-CFFC-4D6C-B409-5DD4EB830283}.Debug|Any CPU.ActiveCfg = Debug|Any CPU
		{79F31531-CFFC-4D6C-B409-5DD4EB830283}.Debug|Any CPU.Build.0 = Debug|Any CPU
		{79F31531-CFFC-4D6C-B409-5DD4EB830283}.Release|Any CPU.ActiveCfg = Release|Any CPU
		{79F31531-CFFC-4D6C-B409-5DD4EB830283}.Release|Any CPU.Build.0 = Release|Any CPU
		{59A72F48-0884-47AE-AABC-5B8B6577B923}.Debug|Any CPU.ActiveCfg = Debug|Any CPU
		{59A72F48-0884-47AE-AABC-5B8B6577B923}.Debug|Any CPU.Build.0 = Debug|Any CPU
		{59A72F48-0884-47AE-AABC-5B8B6577B923}.Release|Any CPU.ActiveCfg = Release|Any CPU
		{59A72F48-0884-47AE-AABC-5B8B6577B923}.Release|Any CPU.Build.0 = Release|Any CPU
		{9C687A9B-85F8-4B98-8AFF-46DE7562E4A7}.Debug|Any CPU.ActiveCfg = Debug|Any CPU
		{9C687A9B-85F8-4B98-8AFF-46DE7562E4A7}.Debug|Any CPU.Build.0 = Debug|Any CPU
		{9C687A9B-85F8-4B98-8AFF-46DE7562E4A7}.Release|Any CPU.ActiveCfg = Release|Any CPU
		{9C687A9B-85F8-4B98-8AFF-46DE7562E4A7}.Release|Any CPU.Build.0 = Release|Any CPU
		{CE743573-183A-46E0-8908-4B743F66F108}.Debug|Any CPU.ActiveCfg = Debug|Any CPU
		{CE743573-183A-46E0-8908-4B743F66F108}.Debug|Any CPU.Build.0 = Debug|Any CPU
		{CE743573-183A-46E0-8908-4B743F66F108}.Release|Any CPU.ActiveCfg = Release|Any CPU
		{CE743573-183A-46E0-8908-4B743F66F108}.Release|Any CPU.Build.0 = Release|Any CPU
		{37DAF530-ED3F-4E37-80DD-9A41BF1972B0}.Debug|Any CPU.ActiveCfg = Debug|Any CPU
		{37DAF530-ED3F-4E37-80DD-9A41BF1972B0}.Debug|Any CPU.Build.0 = Debug|Any CPU
		{37DAF530-ED3F-4E37-80DD-9A41BF1972B0}.Release|Any CPU.ActiveCfg = Release|Any CPU
		{37DAF530-ED3F-4E37-80DD-9A41BF1972B0}.Release|Any CPU.Build.0 = Release|Any CPU
		{2318E338-68A6-4D87-BA43-A8EBE7B631B8}.Debug|Any CPU.ActiveCfg = Debug|Any CPU
		{2318E338-68A6-4D87-BA43-A8EBE7B631B8}.Debug|Any CPU.Build.0 = Debug|Any CPU
		{2318E338-68A6-4D87-BA43-A8EBE7B631B8}.Release|Any CPU.ActiveCfg = Release|Any CPU
		{2318E338-68A6-4D87-BA43-A8EBE7B631B8}.Release|Any CPU.Build.0 = Release|Any CPU
		{4705FCEC-11E7-4B0B-BAA6-A4ABDBCCC0B7}.Debug|Any CPU.ActiveCfg = Debug|Any CPU
		{4705FCEC-11E7-4B0B-BAA6-A4ABDBCCC0B7}.Debug|Any CPU.Build.0 = Debug|Any CPU
		{4705FCEC-11E7-4B0B-BAA6-A4ABDBCCC0B7}.Release|Any CPU.ActiveCfg = Release|Any CPU
		{4705FCEC-11E7-4B0B-BAA6-A4ABDBCCC0B7}.Release|Any CPU.Build.0 = Release|Any CPU
		{68CAC733-359C-440F-B660-35733810156C}.Debug|Any CPU.ActiveCfg = Debug|Any CPU
		{68CAC733-359C-440F-B660-35733810156C}.Debug|Any CPU.Build.0 = Debug|Any CPU
		{68CAC733-359C-440F-B660-35733810156C}.Release|Any CPU.ActiveCfg = Release|Any CPU
		{68CAC733-359C-440F-B660-35733810156C}.Release|Any CPU.Build.0 = Release|Any CPU
		{139AEC88-19D0-4B44-8900-AB6F3140E070}.Debug|Any CPU.ActiveCfg = Debug|Any CPU
		{139AEC88-19D0-4B44-8900-AB6F3140E070}.Debug|Any CPU.Build.0 = Debug|Any CPU
		{139AEC88-19D0-4B44-8900-AB6F3140E070}.Release|Any CPU.ActiveCfg = Release|Any CPU
		{139AEC88-19D0-4B44-8900-AB6F3140E070}.Release|Any CPU.Build.0 = Release|Any CPU
		{55972824-9A8E-43C3-8CB8-6F438FE2E815}.Debug|Any CPU.ActiveCfg = Debug|Any CPU
		{55972824-9A8E-43C3-8CB8-6F438FE2E815}.Debug|Any CPU.Build.0 = Debug|Any CPU
		{55972824-9A8E-43C3-8CB8-6F438FE2E815}.Release|Any CPU.ActiveCfg = Debug|Any CPU
		{55972824-9A8E-43C3-8CB8-6F438FE2E815}.Release|Any CPU.Build.0 = Debug|Any CPU
	EndGlobalSection
	GlobalSection(SolutionProperties) = preSolution
		HideSolutionNode = FALSE
	EndGlobalSection
	GlobalSection(NestedProjects) = preSolution
		{0FA75A5B-AB83-4FD0-B545-279774C01E87} = {04E5EC1B-C5AD-473B-A833-DC9C2CB4627E}
		{3870C648-4AEA-4B85-BA3F-F2F63B96136A} = {04E5EC1B-C5AD-473B-A833-DC9C2CB4627E}
		{880B3591-E057-46FE-B525-10BD83828B93} = {04E5EC1B-C5AD-473B-A833-DC9C2CB4627E}
		{38E184BD-E874-4633-A947-AED4FDB73F40} = {04E5EC1B-C5AD-473B-A833-DC9C2CB4627E}
		{22CFE0D2-8DCA-42D7-AD7D-784C3862493F} = {04E5EC1B-C5AD-473B-A833-DC9C2CB4627E}
		{A2213374-BB48-48FD-BBD4-81E6A961D866} = {04E5EC1B-C5AD-473B-A833-DC9C2CB4627E}
		{E0580562-F8F2-4EBB-B07A-ABFC6F2C314F} = {04E5EC1B-C5AD-473B-A833-DC9C2CB4627E}
		{D42FF479-F331-48F6-AAA2-45B9FD451892} = {04E5EC1B-C5AD-473B-A833-DC9C2CB4627E}
		{0773DDFD-ABAC-4B01-89DD-3ACC90C78A22} = {D42FF479-F331-48F6-AAA2-45B9FD451892}
		{71060AA1-EA2A-4E0D-8CE5-990DE9E57EF2} = {D42FF479-F331-48F6-AAA2-45B9FD451892}
		{528C048F-66A5-40A4-9598-F676537BD481} = {D42FF479-F331-48F6-AAA2-45B9FD451892}
		{AF224A98-5C8A-4EDA-8341-B704B46D4B3E} = {D42FF479-F331-48F6-AAA2-45B9FD451892}
		{0135FD4A-1407-48DB-8825-572338DD9902} = {40F12CA4-F153-4F4E-AB26-E044EF0D0F7E}
		{5CB7E57D-5618-4434-B500-15DDCCDDCCF1} = {04E5EC1B-C5AD-473B-A833-DC9C2CB4627E}
		{61ED052E-E29E-433E-999C-A4BEED9F46E0} = {5CB7E57D-5618-4434-B500-15DDCCDDCCF1}
		{0482C67A-5001-4602-B93B-8D2F52221163} = {5CB7E57D-5618-4434-B500-15DDCCDDCCF1}
		{AD66AD3C-950E-42AE-BCA6-B6D1DEF4A956} = {5CB7E57D-5618-4434-B500-15DDCCDDCCF1}
		{EFA1D7C1-F006-4BEE-AFFD-53260672EE58} = {04E5EC1B-C5AD-473B-A833-DC9C2CB4627E}
		{BC540F69-135B-4360-B3A9-BC07AB6E133B} = {EFA1D7C1-F006-4BEE-AFFD-53260672EE58}
		{83900778-6087-4F89-8C1C-35EFB4F34475} = {EFA1D7C1-F006-4BEE-AFFD-53260672EE58}
		{31EADCCB-006A-4425-BBDA-A58B7DFA05AA} = {EFA1D7C1-F006-4BEE-AFFD-53260672EE58}
		{79F31531-CFFC-4D6C-B409-5DD4EB830283} = {40F12CA4-F153-4F4E-AB26-E044EF0D0F7E}
		{214A4B25-4EEC-4729-B68C-74FE69CC7B45} = {04E5EC1B-C5AD-473B-A833-DC9C2CB4627E}
		{59A72F48-0884-47AE-AABC-5B8B6577B923} = {214A4B25-4EEC-4729-B68C-74FE69CC7B45}
		{9C687A9B-85F8-4B98-8AFF-46DE7562E4A7} = {214A4B25-4EEC-4729-B68C-74FE69CC7B45}
		{CE743573-183A-46E0-8908-4B743F66F108} = {214A4B25-4EEC-4729-B68C-74FE69CC7B45}
		{7771B203-C14E-4610-985A-9D423E2A91EA} = {04E5EC1B-C5AD-473B-A833-DC9C2CB4627E}
		{37DAF530-ED3F-4E37-80DD-9A41BF1972B0} = {7771B203-C14E-4610-985A-9D423E2A91EA}
		{2318E338-68A6-4D87-BA43-A8EBE7B631B8} = {7771B203-C14E-4610-985A-9D423E2A91EA}
		{4705FCEC-11E7-4B0B-BAA6-A4ABDBCCC0B7} = {7771B203-C14E-4610-985A-9D423E2A91EA}
		{40F12CA4-F153-4F4E-AB26-E044EF0D0F7E} = {04E5EC1B-C5AD-473B-A833-DC9C2CB4627E}
		{68CAC733-359C-440F-B660-35733810156C} = {214A4B25-4EEC-4729-B68C-74FE69CC7B45}
		{139AEC88-19D0-4B44-8900-AB6F3140E070} = {214A4B25-4EEC-4729-B68C-74FE69CC7B45}
	EndGlobalSection
	GlobalSection(ExtensibilityGlobals) = postSolution
		SolutionGuid = {F45DD46C-6040-4FCC-87E0-648786C36933}
	EndGlobalSection
EndGlobal
