
Microsoft Visual Studio Solution File, Format Version 12.00
# Visual Studio Version 18
VisualStudioVersion = 18.3.11222.16
MinimumVisualStudioVersion = 10.0.40219.1
Project("{2150E333-8FDC-42A3-9474-1A3956D46DE8}") = "Modules", "Modules", "{D42FF479-F331-48F6-AAA2-45B9FD451892}"
EndProject
Project("{2150E333-8FDC-42A3-9474-1A3956D46DE8}") = "src", "src", "{04E5EC1B-C5AD-473B-A833-DC9C2CB4627E}"
EndProject
Project("{9A19103F-16F7-4668-BE54-9A1E7A4F7556}") = "BXJG.WeChat", "d:\abp\src\libs\BXJG.Wechat\BXJG.WeChat.csproj", "{0135FD4A-1407-48DB-8825-572338DD9902}"
EndProject
Project("{9A19103F-16F7-4668-BE54-9A1E7A4F7556}") = "BXJG.Common", "d:\abp\src\libs\BXJG.Common\BXJG.Common.csproj", "{79F31531-CFFC-4D6C-B409-5DD4EB830283}"
EndProject
Project("{2150E333-8FDC-42A3-9474-1A3956D46DE8}") = "Libs", "Libs", "{40F12CA4-F153-4F4E-AB26-E044EF0D0F7E}"
EndProject
Project("{9A19103F-16F7-4668-BE54-9A1E7A4F7556}") = "BXJG.Common.Web", "d:\abp\src\libs\BXJG.Common.Web\BXJG.Common.Web.csproj", "{FAC74AD9-FB47-4429-A697-56CA6513E8B1}"
EndProject
Project("{9A19103F-16F7-4668-BE54-9A1E7A4F7556}") = "BXJG.WeChat.Web", "d:\abp\src\libs\BXJG.WeChat.Web\BXJG.WeChat.Web.csproj", "{C9671324-D11F-40A9-839C-C20AF2E16F31}"
EndProject
Project("{9A19103F-16F7-4668-BE54-9A1E7A4F7556}") = "BXJG.Common.EFCore", "d:\abp\src\Libs\BXJG.Common.EFCore\BXJG.Common.EFCore.csproj", "{0C173217-4172-4456-878A-EEC51DBE9665}"
EndProject
Project("{9A19103F-16F7-4668-BE54-9A1E7A4F7556}") = "BXJG.Common.RCL", "d:\abp\src\Libs\BXJG.Common.RCL\BXJG.Common.RCL.csproj", "{91B2730C-1C30-4251-98A7-5CF28C86F0FF}"
EndProject
Project("{9A19103F-16F7-4668-BE54-9A1E7A4F7556}") = "ZLJ.Application", "src\ZLJ.Application\ZLJ.Application.csproj", "{61823472-ABD6-4482-9105-955DD4EF447F}"
EndProject
Project("{9A19103F-16F7-4668-BE54-9A1E7A4F7556}") = "ZLJ.Application.Common", "src\ZLJ.Application.Common\ZLJ.Application.Common.csproj", "{4E95D4FC-3104-4D5B-B79A-EF50AD08AAF0}"
EndProject
Project("{9A19103F-16F7-4668-BE54-9A1E7A4F7556}") = "ZLJ.Core", "src\ZLJ.Core\ZLJ.Core.csproj", "{AFE0A44D-59D7-4289-AF8D-7FE815FC0AE9}"
EndProject
Project("{9A19103F-16F7-4668-BE54-9A1E7A4F7556}") = "ZLJ.EntityFrameworkCore", "src\ZLJ.EntityFrameworkCore\ZLJ.EntityFrameworkCore.csproj", "{DF156334-AA26-417E-84F9-107DEFE13025}"
EndProject
Project("{9A19103F-16F7-4668-BE54-9A1E7A4F7556}") = "ZLJ.Migrator", "src\ZLJ.Migrator\ZLJ.Migrator.csproj", "{2F545EC5-3116-4B8D-95FB-91936346D3B9}"
EndProject
Project("{9A19103F-16F7-4668-BE54-9A1E7A4F7556}") = "ZLJ.Web.Core", "src\ZLJ.Web.Core\ZLJ.Web.Core.csproj", "{445D8039-4E7C-44EA-A6E4-55608F8620E6}"
EndProject
Project("{9A19103F-16F7-4668-BE54-9A1E7A4F7556}") = "ZLJ.Web.Host", "src\ZLJ.Web.Host\ZLJ.Web.Host.csproj", "{9F0BD77A-E8D0-40F1-8817-B2E7308DFBC3}"
EndProject
Project("{2150E333-8FDC-42A3-9474-1A3956D46DE8}") = "docs", "docs", "{31830F03-183C-4530-A73A-C165A1F5A739}"
	ProjectSection(SolutionItems) = preProject
		docs\session.md = docs\session.md
		docs\tag.md = docs\tag.md
		docs\ZLJ.Web.Core说明.md = docs\ZLJ.Web.Core说明.md
		docs\事件.md = docs\事件.md
		docs\代码生成器.md = docs\代码生成器.md
		docs\以前的文档.zip = docs\以前的文档.zip
		docs\依赖注入和AOP.md = docs\依赖注入和AOP.md
		docs\公司部门岗位角色用户.md = docs\公司部门岗位角色用户.md
		docs\准则.md = docs\准则.md
		docs\动态条件.md = docs\动态条件.md
		docs\多应用.md = docs\多应用.md
		docs\多租户.md = docs\多租户.md
		docs\如何切换新的UI组件库.md = docs\如何切换新的UI组件库.md
		docs\安全.md = docs\安全.md
		docs\实时.md = docs\实时.md
		docs\实时与事件.md = docs\实时与事件.md
		docs\客户端代理.md = docs\客户端代理.md
		docs\对象映射.md = docs\对象映射.md
		docs\应用服务.md = docs\应用服务.md
		docs\开发随记.md = docs\开发随记.md
		docs\扩展dto.md = docs\扩展dto.md
		docs\抽象的antblazor_crud组件.rd = docs\抽象的antblazor_crud组件.rd
		docs\文件和附件.md = docs\文件和附件.md
		docs\本地化.md = docs\本地化.md
		docs\本框架.md = docs\本框架.md
		docs\标准组件的抽象与服用.md = docs\标准组件的抽象与服用.md
		docs\菜单.md = docs\菜单.md
		docs\规则引擎.md = docs\规则引擎.md
		docs\设置.md = docs\设置.md
		docs\集成mysql.md = docs\集成mysql.md
		docs\领域服务.md = docs\领域服务.md
	EndProjectSection
EndProject
Project("{2150E333-8FDC-42A3-9474-1A3956D46DE8}") = "UI", "UI", "{044A19F6-90C2-458D-B3B1-4EB0428E9981}"
	ProjectSection(SolutionItems) = preProject
		docs\UI\blazorserver中的统一异常处理.md = docs\UI\blazorserver中的统一异常处理.md
		docs\UI\blazorServer的集成.md = docs\UI\blazorServer的集成.md
		docs\UI\与mudblazor的集成.md = docs\UI\与mudblazor的集成.md
		docs\UI\前端全局状态.md = docs\UI\前端全局状态.md
		docs\UI\前端组件化.md = docs\UI\前端组件化.md
		docs\UI\基于角色和操作码的授权.md = docs\UI\基于角色和操作码的授权.md
		docs\UI\身份验证.md = docs\UI\身份验证.md
		docs\UI\集成abp的setting和netcore自己的配置模式.md = docs\UI\集成abp的setting和netcore自己的配置模式.md
	EndProjectSection
EndProject
Project("{9A19103F-16F7-4668-BE54-9A1E7A4F7556}") = "ZLJ.Application.Share", "src\ZLJ.Application.Share\ZLJ.Application.Share.csproj", "{B266155E-EF9E-4FFD-A6F3-A727F1FD1076}"
EndProject
Project("{9A19103F-16F7-4668-BE54-9A1E7A4F7556}") = "ZLJ.Application.Common.Share", "src\ZLJ.Application.Common.Share\ZLJ.Application.Common.Share.csproj", "{5E318A3F-F796-4286-BC25-CBE1DF2DD114}"
EndProject
Project("{9A19103F-16F7-4668-BE54-9A1E7A4F7556}") = "ZLJ.Application.Common.ClientProxy", "src\ZLJ.Application.Common.ClientProxy\ZLJ.Application.Common.ClientProxy.csproj", "{3FA69807-9F78-428D-83A0-03C80AD9D80E}"
EndProject
Project("{2150E333-8FDC-42A3-9474-1A3956D46DE8}") = "admin", "admin", "{13B83AF8-1FE7-45AB-B2BB-9D892C958891}"
EndProject
Project("{2150E333-8FDC-42A3-9474-1A3956D46DE8}") = "framework", "framework", "{326DB589-4D7D-4BF3-B434-DCE34DFC454A}"
EndProject
Project("{9A19103F-16F7-4668-BE54-9A1E7A4F7556}") = "ZLJ.Admin.CoreRCL", "src\ZLJ.Admin.CoreRCL\ZLJ.Admin.CoreRCL.csproj", "{35BD13A6-A4B6-494E-834C-1F9DCB1BFCBD}"
EndProject
Project("{9A19103F-16F7-4668-BE54-9A1E7A4F7556}") = "ZLJ.Admin.ClientProxy", "src\ZLJ.Admin.ClientProxy\ZLJ.Admin.ClientProxy.csproj", "{FAECA5E3-8F86-4D07-95F8-D83BE503F84C}"
EndProject
Project("{9A19103F-16F7-4668-BE54-9A1E7A4F7556}") = "ZLJ.Core.Share", "src\ZLJ.Core.Share\ZLJ.Core.Share.csproj", "{8D8D1FAD-A35D-4793-A325-30EBE380FE06}"
EndProject
Project("{9A19103F-16F7-4668-BE54-9A1E7A4F7556}") = "ZLJ.RCL", "src\ZLJ.RCL\ZLJ.RCL.csproj", "{BE4268CA-FBF6-4D29-AE2A-151B8A8F548E}"
EndProject
Project("{2150E333-8FDC-42A3-9474-1A3956D46DE8}") = "tools", "tools", "{44B336DD-E758-45E6-9E35-E777DE3AA52B}"
EndProject
Project("{9A19103F-16F7-4668-BE54-9A1E7A4F7556}") = "AutoScript", "src\Tools\AutoScript\AutoScript.csproj", "{1FD27743-2174-4BE8-8B9F-202A554AC64E}"
EndProject
Project("{9A19103F-16F7-4668-BE54-9A1E7A4F7556}") = "ZLJ.Web.BlazorAuto", "src\ZLJ.Web.BlazorAuto\ZLJ.Web.BlazorAuto.csproj", "{9A3EB11B-6EA8-44C6-9A80-10B8E0C0E8C0}"
EndProject
Project("{9A19103F-16F7-4668-BE54-9A1E7A4F7556}") = "CodeGenerator", "d:\abp\src\Tools\CodeGenerator\CodeGenerator.csproj", "{B50E2096-3B96-4530-9B88-ADD9EB84306B}"
EndProject
Project("{2150E333-8FDC-42A3-9474-1A3956D46DE8}") = "Images", "Images", "{8BEB5724-EC87-4563-94CB-60D4D1615E0D}"
	ProjectSection(SolutionItems) = preProject
		docs\images\image.png = docs\images\image.png
	EndProjectSection
EndProject
Project("{2150E333-8FDC-42A3-9474-1A3956D46DE8}") = "分布式", "分布式", "{02EA681E-C7D8-13C7-8484-4AC65E1B71E8}"
	ProjectSection(SolutionItems) = preProject
		docs\分布式\指南.md = docs\分布式\指南.md
	EndProjectSection
EndProject
Project("{2150E333-8FDC-42A3-9474-1A3956D46DE8}") = "test", "test", "{4D4E9908-66AB-4319-A3AE-F57C2D05909F}"
EndProject
Project("{FAE04EC0-301F-11D3-BF4B-00C04F79EFBC}") = "ZLJ.Tests", "test\ZLJ.Tests\ZLJ.Tests.csproj", "{7C4AFBF1-7D5E-1B4C-30CA-AE8D545B0E09}"
EndProject
Project("{2150E333-8FDC-42A3-9474-1A3956D46DE8}") = "host", "host", "{19BF65A0-04B7-427F-9FD3-2B4EA818E0E2}"
EndProject
Project("{2150E333-8FDC-42A3-9474-1A3956D46DE8}") = "customer", "customer", "{E7AB50F4-F146-4BC3-A8FD-F2EB6773BE08}"
EndProject
Project("{FAE04EC0-301F-11D3-BF4B-00C04F79EFBC}") = "ZLJ.Application.Customer.Share", "src\ZLJ.Application.Customer.Share\ZLJ.Application.Customer.Share.csproj", "{276A07DC-E361-3CE3-D7F0-E2621979469B}"
EndProject
Project("{FAE04EC0-301F-11D3-BF4B-00C04F79EFBC}") = "ZLJ.Application.Customer", "src\ZLJ.Application.Customer\ZLJ.Application.Customer.csproj", "{B15D064E-902D-23BA-5DB5-D8E31D3500EE}"
EndProject
Project("{2150E333-8FDC-42A3-9474-1A3956D46DE8}") = "Uitls", "Uitls", "{40235816-976B-45B5-A0C7-D55C99AAFA2C}"
EndProject
Project("{2150E333-8FDC-42A3-9474-1A3956D46DE8}") = "进销存", "进销存", "{7C08FCBA-CCE5-4FBC-AF3E-FA139463613E}"
	ProjectSection(SolutionItems) = preProject
		docs\进销存\整体说明.md = docs\进销存\整体说明.md
	EndProjectSection
EndProject
Project("{FAE04EC0-301F-11D3-BF4B-00C04F79EFBC}") = "BXJG.Utils.Share", "src\Modules\Utils\BXJG.Utils.Share\BXJG.Utils.Share.csproj", "{71148B27-7618-9F6B-6CFC-B07D7E27568B}"
EndProject
Project("{FAE04EC0-301F-11D3-BF4B-00C04F79EFBC}") = "BXJG.Utils.Application.Share", "src\Modules\Utils\BXJG.Utils.Application.Share\BXJG.Utils.Application.Share.csproj", "{51A699E8-C974-4177-57A9-08E206B04FB8}"
EndProject
Project("{FAE04EC0-301F-11D3-BF4B-00C04F79EFBC}") = "BXJG.Utils.Application.ClientProxy", "src\Modules\Utils\BXJG.Utils.Application.ClientProxy\BXJG.Utils.Application.ClientProxy.csproj", "{3BC21DB5-3303-5EDD-064F-B34C7DEB75F2}"
EndProject
Project("{FAE04EC0-301F-11D3-BF4B-00C04F79EFBC}") = "BXJG.Utils", "src\Modules\Utils\BXJG.Utils\BXJG.Utils.csproj", "{D729DB49-3A23-B7D6-90F4-CFB5E07C343B}"
EndProject
Project("{FAE04EC0-301F-11D3-BF4B-00C04F79EFBC}") = "BXJG.Utils.Application", "src\Modules\Utils\BXJG.Utils.Application\BXJG.Utils.Application.csproj", "{434D18F8-5265-EE10-BCAC-C95D9C18329E}"
EndProject
Project("{FAE04EC0-301F-11D3-BF4B-00C04F79EFBC}") = "BXJG.Utils.EFCore", "src\Modules\Utils\BXJG.Utils.EFCore\BXJG.Utils.EFCore.csproj", "{B9AC17F2-57FE-E302-BADB-06BD026EF775}"
EndProject
Project("{FAE04EC0-301F-11D3-BF4B-00C04F79EFBC}") = "BXJG.Utils.RCL", "src\Modules\Utils\BXJG.Utils.RCL\BXJG.Utils.RCL.csproj", "{85020968-AFAA-A954-8561-22C43AF425AD}"
EndProject
Project("{FAE04EC0-301F-11D3-BF4B-00C04F79EFBC}") = "BXJG.Utils.Web", "src\Modules\Utils\BXJG.Utils.Web\BXJG.Utils.Web.csproj", "{8F70EE5C-A9D8-419B-7D1A-04FA05B3577A}"
EndProject
Project("{FAE04EC0-301F-11D3-BF4B-00C04F79EFBC}") = "BXJG.WeChat.Abp", "src\Modules\Utils\BXJG.WeChat.Abp\BXJG.WeChat.Abp.csproj", "{B98B3209-E6E1-19F6-8E32-80D7A967B9C9}"
EndProject
Project("{FAE04EC0-301F-11D3-BF4B-00C04F79EFBC}") = "BXJG.Utils.RCLAnt", "src\Modules\Utils\BXJG.Utils.RCLAnt\BXJG.Utils.RCLAnt.csproj", "{53457DDC-C40B-59AE-10E6-7F38FDA85C98}"
EndProject
Global
	GlobalSection(SolutionConfigurationPlatforms) = preSolution
		Debug|Any CPU = Debug|Any CPU
		Release|Any CPU = Release|Any CPU
	EndGlobalSection
	GlobalSection(ProjectConfigurationPlatforms) = postSolution
		{0135FD4A-1407-48DB-8825-572338DD9902}.Debug|Any CPU.ActiveCfg = Debug|Any CPU
		{0135FD4A-1407-48DB-8825-572338DD9902}.Debug|Any CPU.Build.0 = Debug|Any CPU
		{0135FD4A-1407-48DB-8825-572338DD9902}.Release|Any CPU.ActiveCfg = Release|Any CPU
		{0135FD4A-1407-48DB-8825-572338DD9902}.Release|Any CPU.Build.0 = Release|Any CPU
		{79F31531-CFFC-4D6C-B409-5DD4EB830283}.Debug|Any CPU.ActiveCfg = Debug|Any CPU
		{79F31531-CFFC-4D6C-B409-5DD4EB830283}.Debug|Any CPU.Build.0 = Debug|Any CPU
		{79F31531-CFFC-4D6C-B409-5DD4EB830283}.Release|Any CPU.ActiveCfg = Release|Any CPU
		{79F31531-CFFC-4D6C-B409-5DD4EB830283}.Release|Any CPU.Build.0 = Release|Any CPU
		{FAC74AD9-FB47-4429-A697-56CA6513E8B1}.Debug|Any CPU.ActiveCfg = Debug|Any CPU
		{FAC74AD9-FB47-4429-A697-56CA6513E8B1}.Debug|Any CPU.Build.0 = Debug|Any CPU
		{FAC74AD9-FB47-4429-A697-56CA6513E8B1}.Release|Any CPU.ActiveCfg = Release|Any CPU
		{FAC74AD9-FB47-4429-A697-56CA6513E8B1}.Release|Any CPU.Build.0 = Release|Any CPU
		{C9671324-D11F-40A9-839C-C20AF2E16F31}.Debug|Any CPU.ActiveCfg = Debug|Any CPU
		{C9671324-D11F-40A9-839C-C20AF2E16F31}.Debug|Any CPU.Build.0 = Debug|Any CPU
		{C9671324-D11F-40A9-839C-C20AF2E16F31}.Release|Any CPU.ActiveCfg = Release|Any CPU
		{C9671324-D11F-40A9-839C-C20AF2E16F31}.Release|Any CPU.Build.0 = Release|Any CPU
		{0C173217-4172-4456-878A-EEC51DBE9665}.Debug|Any CPU.ActiveCfg = Debug|Any CPU
		{0C173217-4172-4456-878A-EEC51DBE9665}.Debug|Any CPU.Build.0 = Debug|Any CPU
		{0C173217-4172-4456-878A-EEC51DBE9665}.Release|Any CPU.ActiveCfg = Release|Any CPU
		{0C173217-4172-4456-878A-EEC51DBE9665}.Release|Any CPU.Build.0 = Release|Any CPU
		{91B2730C-1C30-4251-98A7-5CF28C86F0FF}.Debug|Any CPU.ActiveCfg = Debug|Any CPU
		{91B2730C-1C30-4251-98A7-5CF28C86F0FF}.Debug|Any CPU.Build.0 = Debug|Any CPU
		{91B2730C-1C30-4251-98A7-5CF28C86F0FF}.Release|Any CPU.ActiveCfg = Release|Any CPU
		{91B2730C-1C30-4251-98A7-5CF28C86F0FF}.Release|Any CPU.Build.0 = Release|Any CPU
		{61823472-ABD6-4482-9105-955DD4EF447F}.Debug|Any CPU.ActiveCfg = Debug|Any CPU
		{61823472-ABD6-4482-9105-955DD4EF447F}.Debug|Any CPU.Build.0 = Debug|Any CPU
		{61823472-ABD6-4482-9105-955DD4EF447F}.Release|Any CPU.ActiveCfg = Release|Any CPU
		{61823472-ABD6-4482-9105-955DD4EF447F}.Release|Any CPU.Build.0 = Release|Any CPU
		{4E95D4FC-3104-4D5B-B79A-EF50AD08AAF0}.Debug|Any CPU.ActiveCfg = Debug|Any CPU
		{4E95D4FC-3104-4D5B-B79A-EF50AD08AAF0}.Debug|Any CPU.Build.0 = Debug|Any CPU
		{4E95D4FC-3104-4D5B-B79A-EF50AD08AAF0}.Release|Any CPU.ActiveCfg = Release|Any CPU
		{4E95D4FC-3104-4D5B-B79A-EF50AD08AAF0}.Release|Any CPU.Build.0 = Release|Any CPU
		{AFE0A44D-59D7-4289-AF8D-7FE815FC0AE9}.Debug|Any CPU.ActiveCfg = Debug|Any CPU
		{AFE0A44D-59D7-4289-AF8D-7FE815FC0AE9}.Debug|Any CPU.Build.0 = Debug|Any CPU
		{AFE0A44D-59D7-4289-AF8D-7FE815FC0AE9}.Release|Any CPU.ActiveCfg = Release|Any CPU
		{AFE0A44D-59D7-4289-AF8D-7FE815FC0AE9}.Release|Any CPU.Build.0 = Release|Any CPU
		{DF156334-AA26-417E-84F9-107DEFE13025}.Debug|Any CPU.ActiveCfg = Debug|Any CPU
		{DF156334-AA26-417E-84F9-107DEFE13025}.Debug|Any CPU.Build.0 = Debug|Any CPU
		{DF156334-AA26-417E-84F9-107DEFE13025}.Release|Any CPU.ActiveCfg = Release|Any CPU
		{DF156334-AA26-417E-84F9-107DEFE13025}.Release|Any CPU.Build.0 = Release|Any CPU
		{2F545EC5-3116-4B8D-95FB-91936346D3B9}.Debug|Any CPU.ActiveCfg = Debug|Any CPU
		{2F545EC5-3116-4B8D-95FB-91936346D3B9}.Debug|Any CPU.Build.0 = Debug|Any CPU
		{2F545EC5-3116-4B8D-95FB-91936346D3B9}.Release|Any CPU.ActiveCfg = Release|Any CPU
		{2F545EC5-3116-4B8D-95FB-91936346D3B9}.Release|Any CPU.Build.0 = Release|Any CPU
		{445D8039-4E7C-44EA-A6E4-55608F8620E6}.Debug|Any CPU.ActiveCfg = Debug|Any CPU
		{445D8039-4E7C-44EA-A6E4-55608F8620E6}.Debug|Any CPU.Build.0 = Debug|Any CPU
		{445D8039-4E7C-44EA-A6E4-55608F8620E6}.Release|Any CPU.ActiveCfg = Release|Any CPU
		{445D8039-4E7C-44EA-A6E4-55608F8620E6}.Release|Any CPU.Build.0 = Release|Any CPU
		{9F0BD77A-E8D0-40F1-8817-B2E7308DFBC3}.Debug|Any CPU.ActiveCfg = Debug|Any CPU
		{9F0BD77A-E8D0-40F1-8817-B2E7308DFBC3}.Debug|Any CPU.Build.0 = Debug|Any CPU
		{9F0BD77A-E8D0-40F1-8817-B2E7308DFBC3}.Release|Any CPU.ActiveCfg = Release|Any CPU
		{9F0BD77A-E8D0-40F1-8817-B2E7308DFBC3}.Release|Any CPU.Build.0 = Release|Any CPU
		{B266155E-EF9E-4FFD-A6F3-A727F1FD1076}.Debug|Any CPU.ActiveCfg = Debug|Any CPU
		{B266155E-EF9E-4FFD-A6F3-A727F1FD1076}.Debug|Any CPU.Build.0 = Debug|Any CPU
		{B266155E-EF9E-4FFD-A6F3-A727F1FD1076}.Release|Any CPU.ActiveCfg = Release|Any CPU
		{B266155E-EF9E-4FFD-A6F3-A727F1FD1076}.Release|Any CPU.Build.0 = Release|Any CPU
		{5E318A3F-F796-4286-BC25-CBE1DF2DD114}.Debug|Any CPU.ActiveCfg = Debug|Any CPU
		{5E318A3F-F796-4286-BC25-CBE1DF2DD114}.Debug|Any CPU.Build.0 = Debug|Any CPU
		{5E318A3F-F796-4286-BC25-CBE1DF2DD114}.Release|Any CPU.ActiveCfg = Release|Any CPU
		{5E318A3F-F796-4286-BC25-CBE1DF2DD114}.Release|Any CPU.Build.0 = Release|Any CPU
		{3FA69807-9F78-428D-83A0-03C80AD9D80E}.Debug|Any CPU.ActiveCfg = Debug|Any CPU
		{3FA69807-9F78-428D-83A0-03C80AD9D80E}.Debug|Any CPU.Build.0 = Debug|Any CPU
		{3FA69807-9F78-428D-83A0-03C80AD9D80E}.Release|Any CPU.ActiveCfg = Release|Any CPU
		{3FA69807-9F78-428D-83A0-03C80AD9D80E}.Release|Any CPU.Build.0 = Release|Any CPU
		{35BD13A6-A4B6-494E-834C-1F9DCB1BFCBD}.Debug|Any CPU.ActiveCfg = Debug|Any CPU
		{35BD13A6-A4B6-494E-834C-1F9DCB1BFCBD}.Debug|Any CPU.Build.0 = Debug|Any CPU
		{35BD13A6-A4B6-494E-834C-1F9DCB1BFCBD}.Release|Any CPU.ActiveCfg = Release|Any CPU
		{35BD13A6-A4B6-494E-834C-1F9DCB1BFCBD}.Release|Any CPU.Build.0 = Release|Any CPU
		{FAECA5E3-8F86-4D07-95F8-D83BE503F84C}.Debug|Any CPU.ActiveCfg = Debug|Any CPU
		{FAECA5E3-8F86-4D07-95F8-D83BE503F84C}.Debug|Any CPU.Build.0 = Debug|Any CPU
		{FAECA5E3-8F86-4D07-95F8-D83BE503F84C}.Release|Any CPU.ActiveCfg = Release|Any CPU
		{FAECA5E3-8F86-4D07-95F8-D83BE503F84C}.Release|Any CPU.Build.0 = Release|Any CPU
		{8D8D1FAD-A35D-4793-A325-30EBE380FE06}.Debug|Any CPU.ActiveCfg = Debug|Any CPU
		{8D8D1FAD-A35D-4793-A325-30EBE380FE06}.Debug|Any CPU.Build.0 = Debug|Any CPU
		{8D8D1FAD-A35D-4793-A325-30EBE380FE06}.Release|Any CPU.ActiveCfg = Release|Any CPU
		{8D8D1FAD-A35D-4793-A325-30EBE380FE06}.Release|Any CPU.Build.0 = Release|Any CPU
		{BE4268CA-FBF6-4D29-AE2A-151B8A8F548E}.Debug|Any CPU.ActiveCfg = Debug|Any CPU
		{BE4268CA-FBF6-4D29-AE2A-151B8A8F548E}.Debug|Any CPU.Build.0 = Debug|Any CPU
		{BE4268CA-FBF6-4D29-AE2A-151B8A8F548E}.Release|Any CPU.ActiveCfg = Release|Any CPU
		{BE4268CA-FBF6-4D29-AE2A-151B8A8F548E}.Release|Any CPU.Build.0 = Release|Any CPU
		{1FD27743-2174-4BE8-8B9F-202A554AC64E}.Debug|Any CPU.ActiveCfg = Debug|Any CPU
		{1FD27743-2174-4BE8-8B9F-202A554AC64E}.Debug|Any CPU.Build.0 = Debug|Any CPU
		{1FD27743-2174-4BE8-8B9F-202A554AC64E}.Release|Any CPU.ActiveCfg = Release|Any CPU
		{1FD27743-2174-4BE8-8B9F-202A554AC64E}.Release|Any CPU.Build.0 = Release|Any CPU
		{9A3EB11B-6EA8-44C6-9A80-10B8E0C0E8C0}.Debug|Any CPU.ActiveCfg = Debug|Any CPU
		{9A3EB11B-6EA8-44C6-9A80-10B8E0C0E8C0}.Debug|Any CPU.Build.0 = Debug|Any CPU
		{9A3EB11B-6EA8-44C6-9A80-10B8E0C0E8C0}.Release|Any CPU.ActiveCfg = Release|Any CPU
		{9A3EB11B-6EA8-44C6-9A80-10B8E0C0E8C0}.Release|Any CPU.Build.0 = Release|Any CPU
		{B50E2096-3B96-4530-9B88-ADD9EB84306B}.Debug|Any CPU.ActiveCfg = Debug|Any CPU
		{B50E2096-3B96-4530-9B88-ADD9EB84306B}.Debug|Any CPU.Build.0 = Debug|Any CPU
		{B50E2096-3B96-4530-9B88-ADD9EB84306B}.Release|Any CPU.ActiveCfg = Release|Any CPU
		{B50E2096-3B96-4530-9B88-ADD9EB84306B}.Release|Any CPU.Build.0 = Release|Any CPU
		{7C4AFBF1-7D5E-1B4C-30CA-AE8D545B0E09}.Debug|Any CPU.ActiveCfg = Debug|Any CPU
		{7C4AFBF1-7D5E-1B4C-30CA-AE8D545B0E09}.Debug|Any CPU.Build.0 = Debug|Any CPU
		{7C4AFBF1-7D5E-1B4C-30CA-AE8D545B0E09}.Release|Any CPU.ActiveCfg = Release|Any CPU
		{7C4AFBF1-7D5E-1B4C-30CA-AE8D545B0E09}.Release|Any CPU.Build.0 = Release|Any CPU
		{276A07DC-E361-3CE3-D7F0-E2621979469B}.Debug|Any CPU.ActiveCfg = Debug|Any CPU
		{276A07DC-E361-3CE3-D7F0-E2621979469B}.Debug|Any CPU.Build.0 = Debug|Any CPU
		{276A07DC-E361-3CE3-D7F0-E2621979469B}.Release|Any CPU.ActiveCfg = Release|Any CPU
		{276A07DC-E361-3CE3-D7F0-E2621979469B}.Release|Any CPU.Build.0 = Release|Any CPU
		{B15D064E-902D-23BA-5DB5-D8E31D3500EE}.Debug|Any CPU.ActiveCfg = Debug|Any CPU
		{B15D064E-902D-23BA-5DB5-D8E31D3500EE}.Debug|Any CPU.Build.0 = Debug|Any CPU
		{B15D064E-902D-23BA-5DB5-D8E31D3500EE}.Release|Any CPU.ActiveCfg = Release|Any CPU
		{B15D064E-902D-23BA-5DB5-D8E31D3500EE}.Release|Any CPU.Build.0 = Release|Any CPU
		{71148B27-7618-9F6B-6CFC-B07D7E27568B}.Debug|Any CPU.ActiveCfg = Debug|Any CPU
		{71148B27-7618-9F6B-6CFC-B07D7E27568B}.Debug|Any CPU.Build.0 = Debug|Any CPU
		{71148B27-7618-9F6B-6CFC-B07D7E27568B}.Release|Any CPU.ActiveCfg = Release|Any CPU
		{71148B27-7618-9F6B-6CFC-B07D7E27568B}.Release|Any CPU.Build.0 = Release|Any CPU
		{51A699E8-C974-4177-57A9-08E206B04FB8}.Debug|Any CPU.ActiveCfg = Debug|Any CPU
		{51A699E8-C974-4177-57A9-08E206B04FB8}.Debug|Any CPU.Build.0 = Debug|Any CPU
		{51A699E8-C974-4177-57A9-08E206B04FB8}.Release|Any CPU.ActiveCfg = Release|Any CPU
		{51A699E8-C974-4177-57A9-08E206B04FB8}.Release|Any CPU.Build.0 = Release|Any CPU
		{3BC21DB5-3303-5EDD-064F-B34C7DEB75F2}.Debug|Any CPU.ActiveCfg = Debug|Any CPU
		{3BC21DB5-3303-5EDD-064F-B34C7DEB75F2}.Debug|Any CPU.Build.0 = Debug|Any CPU
		{3BC21DB5-3303-5EDD-064F-B34C7DEB75F2}.Release|Any CPU.ActiveCfg = Release|Any CPU
		{3BC21DB5-3303-5EDD-064F-B34C7DEB75F2}.Release|Any CPU.Build.0 = Release|Any CPU
		{D729DB49-3A23-B7D6-90F4-CFB5E07C343B}.Debug|Any CPU.ActiveCfg = Debug|Any CPU
		{D729DB49-3A23-B7D6-90F4-CFB5E07C343B}.Debug|Any CPU.Build.0 = Debug|Any CPU
		{D729DB49-3A23-B7D6-90F4-CFB5E07C343B}.Release|Any CPU.ActiveCfg = Release|Any CPU
		{D729DB49-3A23-B7D6-90F4-CFB5E07C343B}.Release|Any CPU.Build.0 = Release|Any CPU
		{434D18F8-5265-EE10-BCAC-C95D9C18329E}.Debug|Any CPU.ActiveCfg = Debug|Any CPU
		{434D18F8-5265-EE10-BCAC-C95D9C18329E}.Debug|Any CPU.Build.0 = Debug|Any CPU
		{434D18F8-5265-EE10-BCAC-C95D9C18329E}.Release|Any CPU.ActiveCfg = Release|Any CPU
		{434D18F8-5265-EE10-BCAC-C95D9C18329E}.Release|Any CPU.Build.0 = Release|Any CPU
		{B9AC17F2-57FE-E302-BADB-06BD026EF775}.Debug|Any CPU.ActiveCfg = Debug|Any CPU
		{B9AC17F2-57FE-E302-BADB-06BD026EF775}.Debug|Any CPU.Build.0 = Debug|Any CPU
		{B9AC17F2-57FE-E302-BADB-06BD026EF775}.Release|Any CPU.ActiveCfg = Release|Any CPU
		{B9AC17F2-57FE-E302-BADB-06BD026EF775}.Release|Any CPU.Build.0 = Release|Any CPU
		{85020968-AFAA-A954-8561-22C43AF425AD}.Debug|Any CPU.ActiveCfg = Debug|Any CPU
		{85020968-AFAA-A954-8561-22C43AF425AD}.Debug|Any CPU.Build.0 = Debug|Any CPU
		{85020968-AFAA-A954-8561-22C43AF425AD}.Release|Any CPU.ActiveCfg = Release|Any CPU
		{85020968-AFAA-A954-8561-22C43AF425AD}.Release|Any CPU.Build.0 = Release|Any CPU
		{8F70EE5C-A9D8-419B-7D1A-04FA05B3577A}.Debug|Any CPU.ActiveCfg = Debug|Any CPU
		{8F70EE5C-A9D8-419B-7D1A-04FA05B3577A}.Debug|Any CPU.Build.0 = Debug|Any CPU
		{8F70EE5C-A9D8-419B-7D1A-04FA05B3577A}.Release|Any CPU.ActiveCfg = Release|Any CPU
		{8F70EE5C-A9D8-419B-7D1A-04FA05B3577A}.Release|Any CPU.Build.0 = Release|Any CPU
		{B98B3209-E6E1-19F6-8E32-80D7A967B9C9}.Debug|Any CPU.ActiveCfg = Debug|Any CPU
		{B98B3209-E6E1-19F6-8E32-80D7A967B9C9}.Debug|Any CPU.Build.0 = Debug|Any CPU
		{B98B3209-E6E1-19F6-8E32-80D7A967B9C9}.Release|Any CPU.ActiveCfg = Release|Any CPU
		{B98B3209-E6E1-19F6-8E32-80D7A967B9C9}.Release|Any CPU.Build.0 = Release|Any CPU
		{53457DDC-C40B-59AE-10E6-7F38FDA85C98}.Debug|Any CPU.ActiveCfg = Debug|Any CPU
		{53457DDC-C40B-59AE-10E6-7F38FDA85C98}.Debug|Any CPU.Build.0 = Debug|Any CPU
		{53457DDC-C40B-59AE-10E6-7F38FDA85C98}.Release|Any CPU.ActiveCfg = Release|Any CPU
		{53457DDC-C40B-59AE-10E6-7F38FDA85C98}.Release|Any CPU.Build.0 = Release|Any CPU
	EndGlobalSection
	GlobalSection(SolutionProperties) = preSolution
		HideSolutionNode = FALSE
	EndGlobalSection
	GlobalSection(NestedProjects) = preSolution
		{D42FF479-F331-48F6-AAA2-45B9FD451892} = {04E5EC1B-C5AD-473B-A833-DC9C2CB4627E}
		{0135FD4A-1407-48DB-8825-572338DD9902} = {40F12CA4-F153-4F4E-AB26-E044EF0D0F7E}
		{79F31531-CFFC-4D6C-B409-5DD4EB830283} = {40F12CA4-F153-4F4E-AB26-E044EF0D0F7E}
		{40F12CA4-F153-4F4E-AB26-E044EF0D0F7E} = {04E5EC1B-C5AD-473B-A833-DC9C2CB4627E}
		{FAC74AD9-FB47-4429-A697-56CA6513E8B1} = {40F12CA4-F153-4F4E-AB26-E044EF0D0F7E}
		{C9671324-D11F-40A9-839C-C20AF2E16F31} = {40F12CA4-F153-4F4E-AB26-E044EF0D0F7E}
		{0C173217-4172-4456-878A-EEC51DBE9665} = {40F12CA4-F153-4F4E-AB26-E044EF0D0F7E}
		{91B2730C-1C30-4251-98A7-5CF28C86F0FF} = {40F12CA4-F153-4F4E-AB26-E044EF0D0F7E}
		{61823472-ABD6-4482-9105-955DD4EF447F} = {13B83AF8-1FE7-45AB-B2BB-9D892C958891}
		{4E95D4FC-3104-4D5B-B79A-EF50AD08AAF0} = {326DB589-4D7D-4BF3-B434-DCE34DFC454A}
		{AFE0A44D-59D7-4289-AF8D-7FE815FC0AE9} = {326DB589-4D7D-4BF3-B434-DCE34DFC454A}
		{DF156334-AA26-417E-84F9-107DEFE13025} = {326DB589-4D7D-4BF3-B434-DCE34DFC454A}
		{2F545EC5-3116-4B8D-95FB-91936346D3B9} = {326DB589-4D7D-4BF3-B434-DCE34DFC454A}
		{445D8039-4E7C-44EA-A6E4-55608F8620E6} = {19BF65A0-04B7-427F-9FD3-2B4EA818E0E2}
		{9F0BD77A-E8D0-40F1-8817-B2E7308DFBC3} = {19BF65A0-04B7-427F-9FD3-2B4EA818E0E2}
		{044A19F6-90C2-458D-B3B1-4EB0428E9981} = {31830F03-183C-4530-A73A-C165A1F5A739}
		{B266155E-EF9E-4FFD-A6F3-A727F1FD1076} = {13B83AF8-1FE7-45AB-B2BB-9D892C958891}
		{5E318A3F-F796-4286-BC25-CBE1DF2DD114} = {326DB589-4D7D-4BF3-B434-DCE34DFC454A}
		{3FA69807-9F78-428D-83A0-03C80AD9D80E} = {326DB589-4D7D-4BF3-B434-DCE34DFC454A}
		{13B83AF8-1FE7-45AB-B2BB-9D892C958891} = {04E5EC1B-C5AD-473B-A833-DC9C2CB4627E}
		{326DB589-4D7D-4BF3-B434-DCE34DFC454A} = {04E5EC1B-C5AD-473B-A833-DC9C2CB4627E}
		{35BD13A6-A4B6-494E-834C-1F9DCB1BFCBD} = {13B83AF8-1FE7-45AB-B2BB-9D892C958891}
		{FAECA5E3-8F86-4D07-95F8-D83BE503F84C} = {13B83AF8-1FE7-45AB-B2BB-9D892C958891}
		{8D8D1FAD-A35D-4793-A325-30EBE380FE06} = {326DB589-4D7D-4BF3-B434-DCE34DFC454A}
		{BE4268CA-FBF6-4D29-AE2A-151B8A8F548E} = {326DB589-4D7D-4BF3-B434-DCE34DFC454A}
		{44B336DD-E758-45E6-9E35-E777DE3AA52B} = {04E5EC1B-C5AD-473B-A833-DC9C2CB4627E}
		{1FD27743-2174-4BE8-8B9F-202A554AC64E} = {44B336DD-E758-45E6-9E35-E777DE3AA52B}
		{9A3EB11B-6EA8-44C6-9A80-10B8E0C0E8C0} = {19BF65A0-04B7-427F-9FD3-2B4EA818E0E2}
		{B50E2096-3B96-4530-9B88-ADD9EB84306B} = {44B336DD-E758-45E6-9E35-E777DE3AA52B}
		{8BEB5724-EC87-4563-94CB-60D4D1615E0D} = {31830F03-183C-4530-A73A-C165A1F5A739}
		{02EA681E-C7D8-13C7-8484-4AC65E1B71E8} = {31830F03-183C-4530-A73A-C165A1F5A739}
		{7C4AFBF1-7D5E-1B4C-30CA-AE8D545B0E09} = {4D4E9908-66AB-4319-A3AE-F57C2D05909F}
		{19BF65A0-04B7-427F-9FD3-2B4EA818E0E2} = {04E5EC1B-C5AD-473B-A833-DC9C2CB4627E}
		{E7AB50F4-F146-4BC3-A8FD-F2EB6773BE08} = {04E5EC1B-C5AD-473B-A833-DC9C2CB4627E}
		{276A07DC-E361-3CE3-D7F0-E2621979469B} = {E7AB50F4-F146-4BC3-A8FD-F2EB6773BE08}
		{B15D064E-902D-23BA-5DB5-D8E31D3500EE} = {E7AB50F4-F146-4BC3-A8FD-F2EB6773BE08}
		{40235816-976B-45B5-A0C7-D55C99AAFA2C} = {D42FF479-F331-48F6-AAA2-45B9FD451892}
		{7C08FCBA-CCE5-4FBC-AF3E-FA139463613E} = {31830F03-183C-4530-A73A-C165A1F5A739}
		{71148B27-7618-9F6B-6CFC-B07D7E27568B} = {40235816-976B-45B5-A0C7-D55C99AAFA2C}
		{51A699E8-C974-4177-57A9-08E206B04FB8} = {40235816-976B-45B5-A0C7-D55C99AAFA2C}
		{3BC21DB5-3303-5EDD-064F-B34C7DEB75F2} = {40235816-976B-45B5-A0C7-D55C99AAFA2C}
		{D729DB49-3A23-B7D6-90F4-CFB5E07C343B} = {40235816-976B-45B5-A0C7-D55C99AAFA2C}
		{434D18F8-5265-EE10-BCAC-C95D9C18329E} = {40235816-976B-45B5-A0C7-D55C99AAFA2C}
		{B9AC17F2-57FE-E302-BADB-06BD026EF775} = {40235816-976B-45B5-A0C7-D55C99AAFA2C}
		{85020968-AFAA-A954-8561-22C43AF425AD} = {40235816-976B-45B5-A0C7-D55C99AAFA2C}
		{8F70EE5C-A9D8-419B-7D1A-04FA05B3577A} = {40235816-976B-45B5-A0C7-D55C99AAFA2C}
		{B98B3209-E6E1-19F6-8E32-80D7A967B9C9} = {40235816-976B-45B5-A0C7-D55C99AAFA2C}
		{53457DDC-C40B-59AE-10E6-7F38FDA85C98} = {40235816-976B-45B5-A0C7-D55C99AAFA2C}
	EndGlobalSection
	GlobalSection(ExtensibilityGlobals) = postSolution
		SolutionGuid = {F45DD46C-6040-4FCC-87E0-648786C36933}
	EndGlobalSection
EndGlobal
