
Microsoft Visual Studio Solution File, Format Version 12.00
# Visual Studio Version 17
VisualStudioVersion = 17.0.31912.275
MinimumVisualStudioVersion = 10.0.40219.1
Project("{2150E333-8FDC-42A3-9474-1A3956D46DE8}") = "Modules", "Modules", "{D42FF479-F331-48F6-AAA2-45B9FD451892}"
EndProject
Project("{9A19103F-16F7-4668-BE54-9A1E7A4F7556}") = "BXJG.Utils", "src\modules\BXJG.Utils\BXJG.Utils.csproj", "{AF224A98-5C8A-4EDA-8341-B704B46D4B3E}"
EndProject
Project("{2150E333-8FDC-42A3-9474-1A3956D46DE8}") = "src", "src", "{04E5EC1B-C5AD-473B-A833-DC9C2CB4627E}"
EndProject
Project("{9A19103F-16F7-4668-BE54-9A1E7A4F7556}") = "BXJG.WeChat", "src\libs\BXJG.Wechat\BXJG.WeChat.csproj", "{0135FD4A-1407-48DB-8825-572338DD9902}"
EndProject
Project("{9A19103F-16F7-4668-BE54-9A1E7A4F7556}") = "BXJG.Common", "src\libs\BXJG.Common\BXJG.Common.csproj", "{79F31531-CFFC-4D6C-B409-5DD4EB830283}"
EndProject
Project("{2150E333-8FDC-42A3-9474-1A3956D46DE8}") = "Libs", "Libs", "{40F12CA4-F153-4F4E-AB26-E044EF0D0F7E}"
EndProject
Project("{9A19103F-16F7-4668-BE54-9A1E7A4F7556}") = "BXJG.WeChat.Abp", "src\Modules\BXJG.WeChat.Abp\BXJG.WeChat.Abp.csproj", "{8F980AC0-C0DA-45E6-88BC-4235AA6AC9C1}"
EndProject
Project("{9A19103F-16F7-4668-BE54-9A1E7A4F7556}") = "BXJG.Common.Web", "src\libs\BXJG.Common.Web\BXJG.Common.Web.csproj", "{FAC74AD9-FB47-4429-A697-56CA6513E8B1}"
EndProject
Project("{9A19103F-16F7-4668-BE54-9A1E7A4F7556}") = "BXJG.Utils.Web", "src\modules\BXJG.Utils.Web\BXJG.Utils.Web.csproj", "{B4D49ADD-F501-4AD6-81F3-EA4AAE6EF131}"
EndProject
Project("{9A19103F-16F7-4668-BE54-9A1E7A4F7556}") = "BXJG.WeChat.Web", "src\libs\BXJG.WeChat.Web\BXJG.WeChat.Web.csproj", "{C9671324-D11F-40A9-839C-C20AF2E16F31}"
EndProject
Project("{9A19103F-16F7-4668-BE54-9A1E7A4F7556}") = "BXJG.Utils.Application", "src\Modules\BXJG.Utils.Application\BXJG.Utils.Application.csproj", "{439F1981-7D51-41A4-9CC6-CC2538D6CA3C}"
EndProject
Project("{9A19103F-16F7-4668-BE54-9A1E7A4F7556}") = "BXJG.Utils.EFCore", "src\modules\BXJG.Utils.EFCore\BXJG.Utils.EFCore.csproj", "{1F1D6713-C18D-4449-83EC-BE1E0ACDE65C}"
EndProject
Project("{9A19103F-16F7-4668-BE54-9A1E7A4F7556}") = "BXJG.Common.EFCore", "src\Libs\BXJG.Common.EFCore\BXJG.Common.EFCore.csproj", "{0C173217-4172-4456-878A-EEC51DBE9665}"
EndProject
Project("{9A19103F-16F7-4668-BE54-9A1E7A4F7556}") = "BXJG.Utils.RCL", "src\Modules\BXJG.Utils.RCL\BXJG.Utils.RCL.csproj", "{C8A34E86-E367-492C-A498-426A0C4E412B}"
EndProject
Project("{9A19103F-16F7-4668-BE54-9A1E7A4F7556}") = "BXJG.Common.RCL", "src\Libs\BXJG.Common.RCL\BXJG.Common.RCL.csproj", "{91B2730C-1C30-4251-98A7-5CF28C86F0FF}"
EndProject
Project("{9A19103F-16F7-4668-BE54-9A1E7A4F7556}") = "ZLJ.Application", "src\ZLJ.Application\ZLJ.Application.csproj", "{61823472-ABD6-4482-9105-955DD4EF447F}"
EndProject
Project("{9A19103F-16F7-4668-BE54-9A1E7A4F7556}") = "ZLJ.Application.Common", "src\ZLJ.Application.Common\ZLJ.Application.Common.csproj", "{4E95D4FC-3104-4D5B-B79A-EF50AD08AAF0}"
EndProject
Project("{9A19103F-16F7-4668-BE54-9A1E7A4F7556}") = "ZLJ.Core", "src\ZLJ.Core\ZLJ.Core.csproj", "{AFE0A44D-59D7-4289-AF8D-7FE815FC0AE9}"
EndProject
Project("{9A19103F-16F7-4668-BE54-9A1E7A4F7556}") = "ZLJ.EntityFrameworkCore", "src\ZLJ.EntityFrameworkCore\ZLJ.EntityFrameworkCore.csproj", "{DF156334-AA26-417E-84F9-107DEFE13025}"
EndProject
Project("{9A19103F-16F7-4668-BE54-9A1E7A4F7556}") = "ZLJ.Migrator", "src\ZLJ.Migrator\ZLJ.Migrator.csproj", "{2F545EC5-3116-4B8D-95FB-91936346D3B9}"
EndProject
Project("{9A19103F-16F7-4668-BE54-9A1E7A4F7556}") = "ZLJ.Web.Core", "src\ZLJ.Web.Core\ZLJ.Web.Core.csproj", "{445D8039-4E7C-44EA-A6E4-55608F8620E6}"
EndProject
Project("{9A19103F-16F7-4668-BE54-9A1E7A4F7556}") = "ZLJ.Web.Host", "src\ZLJ.Web.Host\ZLJ.Web.Host.csproj", "{9F0BD77A-E8D0-40F1-8817-B2E7308DFBC3}"
EndProject
Project("{2150E333-8FDC-42A3-9474-1A3956D46DE8}") = "docs", "docs", "{31830F03-183C-4530-A73A-C165A1F5A739}"
	ProjectSection(SolutionItems) = preProject
		docs\session.md = docs\session.md
		docs\ZLJ.Web.Core说明.md = docs\ZLJ.Web.Core说明.md
		docs\事件.md = docs\事件.md
		docs\代码生成器.md = docs\代码生成器.md
		docs\以前的文档.zip = docs\以前的文档.zip
		docs\依赖注入和AOP.md = docs\依赖注入和AOP.md
		docs\公司部门岗位角色用户.md = docs\公司部门岗位角色用户.md
		docs\动态条件.md = docs\动态条件.md
		docs\多租户.md = docs\多租户.md
		docs\如何切换新的UI组件库.md = docs\如何切换新的UI组件库.md
		docs\客户端代理.md = docs\客户端代理.md
		docs\对象映射.md = docs\对象映射.md
		docs\应用服务.md = docs\应用服务.md
		docs\开发随记.md = docs\开发随记.md
		docs\扩展dto.md = docs\扩展dto.md
		docs\抽象的antblazor_crud组件.rd = docs\抽象的antblazor_crud组件.rd
		docs\文件和附件.md = docs\文件和附件.md
		docs\本地化.md = docs\本地化.md
		docs\本框架.md = docs\本框架.md
		docs\标准组件的抽象与服用.md = docs\标准组件的抽象与服用.md
		docs\菜单.md = docs\菜单.md
		docs\集成mysql.md = docs\集成mysql.md
		docs\领域服务.md = docs\领域服务.md
	EndProjectSection
EndProject
Project("{2150E333-8FDC-42A3-9474-1A3956D46DE8}") = "UI", "UI", "{044A19F6-90C2-458D-B3B1-4EB0428E9981}"
	ProjectSection(SolutionItems) = preProject
		docs\UI\blazorserver中的统一异常处理.md = docs\UI\blazorserver中的统一异常处理.md
		docs\UI\blazorServer的集成.md = docs\UI\blazorServer的集成.md
		docs\UI\与mudblazor的集成.md = docs\UI\与mudblazor的集成.md
		docs\UI\前端全局状态.md = docs\UI\前端全局状态.md
		docs\UI\前端组件化.md = docs\UI\前端组件化.md
	EndProjectSection
EndProject
Project("{9A19103F-16F7-4668-BE54-9A1E7A4F7556}") = "ZLJ.Application.Share", "src\ZLJ.Application.Share\ZLJ.Application.Share.csproj", "{B266155E-EF9E-4FFD-A6F3-A727F1FD1076}"
EndProject
Project("{9A19103F-16F7-4668-BE54-9A1E7A4F7556}") = "ZLJ.Application.Common.Share", "src\ZLJ.Application.Common.Share\ZLJ.Application.Common.Share.csproj", "{5E318A3F-F796-4286-BC25-CBE1DF2DD114}"
EndProject
Project("{9A19103F-16F7-4668-BE54-9A1E7A4F7556}") = "ZLJ.Application.Common.ClientProxy", "src\ZLJ.Application.Common.ClientProxy\ZLJ.Application.Common.ClientProxy.csproj", "{3FA69807-9F78-428D-83A0-03C80AD9D80E}"
EndProject
Project("{2150E333-8FDC-42A3-9474-1A3956D46DE8}") = "admin", "admin", "{13B83AF8-1FE7-45AB-B2BB-9D892C958891}"
EndProject
Project("{2150E333-8FDC-42A3-9474-1A3956D46DE8}") = "framework", "framework", "{326DB589-4D7D-4BF3-B434-DCE34DFC454A}"
EndProject
Project("{9A19103F-16F7-4668-BE54-9A1E7A4F7556}") = "ZLJ.Admin.CoreRCL", "src\ZLJ.Admin.CoreRCL\ZLJ.Admin.CoreRCL.csproj", "{35BD13A6-A4B6-494E-834C-1F9DCB1BFCBD}"
EndProject
Project("{9A19103F-16F7-4668-BE54-9A1E7A4F7556}") = "ZLJ.Admin.ClientProxy", "src\ZLJ.Admin.ClientProxy\ZLJ.Admin.ClientProxy.csproj", "{FAECA5E3-8F86-4D07-95F8-D83BE503F84C}"
EndProject
Project("{9A19103F-16F7-4668-BE54-9A1E7A4F7556}") = "BXJG.Utils.Application.Share", "src\Modules\BXJG.Utils.Application.Share\BXJG.Utils.Application.Share.csproj", "{E9F6E2B0-E4F4-47ED-8A2A-1456136D88F9}"
EndProject
Project("{9A19103F-16F7-4668-BE54-9A1E7A4F7556}") = "BXJG.Utils.Share", "src\Modules\BXJG.Utils.Share\BXJG.Utils.Share.csproj", "{9E256A2F-6F76-469C-8387-7C5A35274B55}"
EndProject
Project("{9A19103F-16F7-4668-BE54-9A1E7A4F7556}") = "ZLJ.Core.Share", "src\ZLJ.Core.Share\ZLJ.Core.Share.csproj", "{8D8D1FAD-A35D-4793-A325-30EBE380FE06}"
EndProject
Project("{9A19103F-16F7-4668-BE54-9A1E7A4F7556}") = "ZLJ.RCL", "src\ZLJ.RCL\ZLJ.RCL.csproj", "{BE4268CA-FBF6-4D29-AE2A-151B8A8F548E}"
EndProject
Project("{2150E333-8FDC-42A3-9474-1A3956D46DE8}") = "tools", "tools", "{44B336DD-E758-45E6-9E35-E777DE3AA52B}"
EndProject
Project("{9A19103F-16F7-4668-BE54-9A1E7A4F7556}") = "AutoScript", "src\Tools\AutoScript\AutoScript.csproj", "{1FD27743-2174-4BE8-8B9F-202A554AC64E}"
EndProject
Project("{9A19103F-16F7-4668-BE54-9A1E7A4F7556}") = "ZLJ.Web.BlazorAuto", "src\ZLJ.Web.BlazorAuto\ZLJ.Web.BlazorAuto.csproj", "{9A3EB11B-6EA8-44C6-9A80-10B8E0C0E8C0}"
EndProject
Project("{9A19103F-16F7-4668-BE54-9A1E7A4F7556}") = "BXJG.Utils.Application.ClientProxy", "src\Modules\BXJG.Utils.Application.ClientProxy\BXJG.Utils.Application.ClientProxy.csproj", "{55D9DB14-3ED9-4E5E-B740-3FDBE7F2922F}"
EndProject
Project("{9A19103F-16F7-4668-BE54-9A1E7A4F7556}") = "CodeGenerator", "src\Tools\CodeGenerator\CodeGenerator.csproj", "{B50E2096-3B96-4530-9B88-ADD9EB84306B}"
EndProject
Global
	GlobalSection(SolutionConfigurationPlatforms) = preSolution
		Debug|Any CPU = Debug|Any CPU
		Release|Any CPU = Release|Any CPU
	EndGlobalSection
	GlobalSection(ProjectConfigurationPlatforms) = postSolution
		{AF224A98-5C8A-4EDA-8341-B704B46D4B3E}.Debug|Any CPU.ActiveCfg = Debug|Any CPU
		{AF224A98-5C8A-4EDA-8341-B704B46D4B3E}.Debug|Any CPU.Build.0 = Debug|Any CPU
		{AF224A98-5C8A-4EDA-8341-B704B46D4B3E}.Release|Any CPU.ActiveCfg = Release|Any CPU
		{AF224A98-5C8A-4EDA-8341-B704B46D4B3E}.Release|Any CPU.Build.0 = Release|Any CPU
		{0135FD4A-1407-48DB-8825-572338DD9902}.Debug|Any CPU.ActiveCfg = Debug|Any CPU
		{0135FD4A-1407-48DB-8825-572338DD9902}.Debug|Any CPU.Build.0 = Debug|Any CPU
		{0135FD4A-1407-48DB-8825-572338DD9902}.Release|Any CPU.ActiveCfg = Release|Any CPU
		{0135FD4A-1407-48DB-8825-572338DD9902}.Release|Any CPU.Build.0 = Release|Any CPU
		{79F31531-CFFC-4D6C-B409-5DD4EB830283}.Debug|Any CPU.ActiveCfg = Debug|Any CPU
		{79F31531-CFFC-4D6C-B409-5DD4EB830283}.Debug|Any CPU.Build.0 = Debug|Any CPU
		{79F31531-CFFC-4D6C-B409-5DD4EB830283}.Release|Any CPU.ActiveCfg = Release|Any CPU
		{79F31531-CFFC-4D6C-B409-5DD4EB830283}.Release|Any CPU.Build.0 = Release|Any CPU
		{8F980AC0-C0DA-45E6-88BC-4235AA6AC9C1}.Debug|Any CPU.ActiveCfg = Debug|Any CPU
		{8F980AC0-C0DA-45E6-88BC-4235AA6AC9C1}.Debug|Any CPU.Build.0 = Debug|Any CPU
		{8F980AC0-C0DA-45E6-88BC-4235AA6AC9C1}.Release|Any CPU.ActiveCfg = Release|Any CPU
		{8F980AC0-C0DA-45E6-88BC-4235AA6AC9C1}.Release|Any CPU.Build.0 = Release|Any CPU
		{FAC74AD9-FB47-4429-A697-56CA6513E8B1}.Debug|Any CPU.ActiveCfg = Debug|Any CPU
		{FAC74AD9-FB47-4429-A697-56CA6513E8B1}.Debug|Any CPU.Build.0 = Debug|Any CPU
		{FAC74AD9-FB47-4429-A697-56CA6513E8B1}.Release|Any CPU.ActiveCfg = Release|Any CPU
		{FAC74AD9-FB47-4429-A697-56CA6513E8B1}.Release|Any CPU.Build.0 = Release|Any CPU
		{B4D49ADD-F501-4AD6-81F3-EA4AAE6EF131}.Debug|Any CPU.ActiveCfg = Debug|Any CPU
		{B4D49ADD-F501-4AD6-81F3-EA4AAE6EF131}.Debug|Any CPU.Build.0 = Debug|Any CPU
		{B4D49ADD-F501-4AD6-81F3-EA4AAE6EF131}.Release|Any CPU.ActiveCfg = Release|Any CPU
		{B4D49ADD-F501-4AD6-81F3-EA4AAE6EF131}.Release|Any CPU.Build.0 = Release|Any CPU
		{C9671324-D11F-40A9-839C-C20AF2E16F31}.Debug|Any CPU.ActiveCfg = Debug|Any CPU
		{C9671324-D11F-40A9-839C-C20AF2E16F31}.Debug|Any CPU.Build.0 = Debug|Any CPU
		{C9671324-D11F-40A9-839C-C20AF2E16F31}.Release|Any CPU.ActiveCfg = Release|Any CPU
		{C9671324-D11F-40A9-839C-C20AF2E16F31}.Release|Any CPU.Build.0 = Release|Any CPU
		{439F1981-7D51-41A4-9CC6-CC2538D6CA3C}.Debug|Any CPU.ActiveCfg = Debug|Any CPU
		{439F1981-7D51-41A4-9CC6-CC2538D6CA3C}.Debug|Any CPU.Build.0 = Debug|Any CPU
		{439F1981-7D51-41A4-9CC6-CC2538D6CA3C}.Release|Any CPU.ActiveCfg = Release|Any CPU
		{439F1981-7D51-41A4-9CC6-CC2538D6CA3C}.Release|Any CPU.Build.0 = Release|Any CPU
		{1F1D6713-C18D-4449-83EC-BE1E0ACDE65C}.Debug|Any CPU.ActiveCfg = Debug|Any CPU
		{1F1D6713-C18D-4449-83EC-BE1E0ACDE65C}.Debug|Any CPU.Build.0 = Debug|Any CPU
		{1F1D6713-C18D-4449-83EC-BE1E0ACDE65C}.Release|Any CPU.ActiveCfg = Release|Any CPU
		{1F1D6713-C18D-4449-83EC-BE1E0ACDE65C}.Release|Any CPU.Build.0 = Release|Any CPU
		{0C173217-4172-4456-878A-EEC51DBE9665}.Debug|Any CPU.ActiveCfg = Debug|Any CPU
		{0C173217-4172-4456-878A-EEC51DBE9665}.Debug|Any CPU.Build.0 = Debug|Any CPU
		{0C173217-4172-4456-878A-EEC51DBE9665}.Release|Any CPU.ActiveCfg = Release|Any CPU
		{0C173217-4172-4456-878A-EEC51DBE9665}.Release|Any CPU.Build.0 = Release|Any CPU
		{C8A34E86-E367-492C-A498-426A0C4E412B}.Debug|Any CPU.ActiveCfg = Debug|Any CPU
		{C8A34E86-E367-492C-A498-426A0C4E412B}.Debug|Any CPU.Build.0 = Debug|Any CPU
		{C8A34E86-E367-492C-A498-426A0C4E412B}.Release|Any CPU.ActiveCfg = Release|Any CPU
		{C8A34E86-E367-492C-A498-426A0C4E412B}.Release|Any CPU.Build.0 = Release|Any CPU
		{91B2730C-1C30-4251-98A7-5CF28C86F0FF}.Debug|Any CPU.ActiveCfg = Debug|Any CPU
		{91B2730C-1C30-4251-98A7-5CF28C86F0FF}.Debug|Any CPU.Build.0 = Debug|Any CPU
		{91B2730C-1C30-4251-98A7-5CF28C86F0FF}.Release|Any CPU.ActiveCfg = Release|Any CPU
		{91B2730C-1C30-4251-98A7-5CF28C86F0FF}.Release|Any CPU.Build.0 = Release|Any CPU
		{61823472-ABD6-4482-9105-955DD4EF447F}.Debug|Any CPU.ActiveCfg = Debug|Any CPU
		{61823472-ABD6-4482-9105-955DD4EF447F}.Debug|Any CPU.Build.0 = Debug|Any CPU
		{61823472-ABD6-4482-9105-955DD4EF447F}.Release|Any CPU.ActiveCfg = Release|Any CPU
		{61823472-ABD6-4482-9105-955DD4EF447F}.Release|Any CPU.Build.0 = Release|Any CPU
		{4E95D4FC-3104-4D5B-B79A-EF50AD08AAF0}.Debug|Any CPU.ActiveCfg = Debug|Any CPU
		{4E95D4FC-3104-4D5B-B79A-EF50AD08AAF0}.Debug|Any CPU.Build.0 = Debug|Any CPU
		{4E95D4FC-3104-4D5B-B79A-EF50AD08AAF0}.Release|Any CPU.ActiveCfg = Release|Any CPU
		{4E95D4FC-3104-4D5B-B79A-EF50AD08AAF0}.Release|Any CPU.Build.0 = Release|Any CPU
		{AFE0A44D-59D7-4289-AF8D-7FE815FC0AE9}.Debug|Any CPU.ActiveCfg = Debug|Any CPU
		{AFE0A44D-59D7-4289-AF8D-7FE815FC0AE9}.Debug|Any CPU.Build.0 = Debug|Any CPU
		{AFE0A44D-59D7-4289-AF8D-7FE815FC0AE9}.Release|Any CPU.ActiveCfg = Release|Any CPU
		{AFE0A44D-59D7-4289-AF8D-7FE815FC0AE9}.Release|Any CPU.Build.0 = Release|Any CPU
		{DF156334-AA26-417E-84F9-107DEFE13025}.Debug|Any CPU.ActiveCfg = Debug|Any CPU
		{DF156334-AA26-417E-84F9-107DEFE13025}.Debug|Any CPU.Build.0 = Debug|Any CPU
		{DF156334-AA26-417E-84F9-107DEFE13025}.Release|Any CPU.ActiveCfg = Release|Any CPU
		{DF156334-AA26-417E-84F9-107DEFE13025}.Release|Any CPU.Build.0 = Release|Any CPU
		{2F545EC5-3116-4B8D-95FB-91936346D3B9}.Debug|Any CPU.ActiveCfg = Debug|Any CPU
		{2F545EC5-3116-4B8D-95FB-91936346D3B9}.Debug|Any CPU.Build.0 = Debug|Any CPU
		{2F545EC5-3116-4B8D-95FB-91936346D3B9}.Release|Any CPU.ActiveCfg = Release|Any CPU
		{2F545EC5-3116-4B8D-95FB-91936346D3B9}.Release|Any CPU.Build.0 = Release|Any CPU
		{445D8039-4E7C-44EA-A6E4-55608F8620E6}.Debug|Any CPU.ActiveCfg = Debug|Any CPU
		{445D8039-4E7C-44EA-A6E4-55608F8620E6}.Debug|Any CPU.Build.0 = Debug|Any CPU
		{445D8039-4E7C-44EA-A6E4-55608F8620E6}.Release|Any CPU.ActiveCfg = Release|Any CPU
		{445D8039-4E7C-44EA-A6E4-55608F8620E6}.Release|Any CPU.Build.0 = Release|Any CPU
		{9F0BD77A-E8D0-40F1-8817-B2E7308DFBC3}.Debug|Any CPU.ActiveCfg = Debug|Any CPU
		{9F0BD77A-E8D0-40F1-8817-B2E7308DFBC3}.Debug|Any CPU.Build.0 = Debug|Any CPU
		{9F0BD77A-E8D0-40F1-8817-B2E7308DFBC3}.Release|Any CPU.ActiveCfg = Release|Any CPU
		{9F0BD77A-E8D0-40F1-8817-B2E7308DFBC3}.Release|Any CPU.Build.0 = Release|Any CPU
		{B266155E-EF9E-4FFD-A6F3-A727F1FD1076}.Debug|Any CPU.ActiveCfg = Debug|Any CPU
		{B266155E-EF9E-4FFD-A6F3-A727F1FD1076}.Debug|Any CPU.Build.0 = Debug|Any CPU
		{B266155E-EF9E-4FFD-A6F3-A727F1FD1076}.Release|Any CPU.ActiveCfg = Release|Any CPU
		{B266155E-EF9E-4FFD-A6F3-A727F1FD1076}.Release|Any CPU.Build.0 = Release|Any CPU
		{5E318A3F-F796-4286-BC25-CBE1DF2DD114}.Debug|Any CPU.ActiveCfg = Debug|Any CPU
		{5E318A3F-F796-4286-BC25-CBE1DF2DD114}.Debug|Any CPU.Build.0 = Debug|Any CPU
		{5E318A3F-F796-4286-BC25-CBE1DF2DD114}.Release|Any CPU.ActiveCfg = Release|Any CPU
		{5E318A3F-F796-4286-BC25-CBE1DF2DD114}.Release|Any CPU.Build.0 = Release|Any CPU
		{3FA69807-9F78-428D-83A0-03C80AD9D80E}.Debug|Any CPU.ActiveCfg = Debug|Any CPU
		{3FA69807-9F78-428D-83A0-03C80AD9D80E}.Debug|Any CPU.Build.0 = Debug|Any CPU
		{3FA69807-9F78-428D-83A0-03C80AD9D80E}.Release|Any CPU.ActiveCfg = Release|Any CPU
		{3FA69807-9F78-428D-83A0-03C80AD9D80E}.Release|Any CPU.Build.0 = Release|Any CPU
		{35BD13A6-A4B6-494E-834C-1F9DCB1BFCBD}.Debug|Any CPU.ActiveCfg = Debug|Any CPU
		{35BD13A6-A4B6-494E-834C-1F9DCB1BFCBD}.Debug|Any CPU.Build.0 = Debug|Any CPU
		{35BD13A6-A4B6-494E-834C-1F9DCB1BFCBD}.Release|Any CPU.ActiveCfg = Release|Any CPU
		{35BD13A6-A4B6-494E-834C-1F9DCB1BFCBD}.Release|Any CPU.Build.0 = Release|Any CPU
		{FAECA5E3-8F86-4D07-95F8-D83BE503F84C}.Debug|Any CPU.ActiveCfg = Debug|Any CPU
		{FAECA5E3-8F86-4D07-95F8-D83BE503F84C}.Debug|Any CPU.Build.0 = Debug|Any CPU
		{FAECA5E3-8F86-4D07-95F8-D83BE503F84C}.Release|Any CPU.ActiveCfg = Release|Any CPU
		{FAECA5E3-8F86-4D07-95F8-D83BE503F84C}.Release|Any CPU.Build.0 = Release|Any CPU
		{E9F6E2B0-E4F4-47ED-8A2A-1456136D88F9}.Debug|Any CPU.ActiveCfg = Debug|Any CPU
		{E9F6E2B0-E4F4-47ED-8A2A-1456136D88F9}.Debug|Any CPU.Build.0 = Debug|Any CPU
		{E9F6E2B0-E4F4-47ED-8A2A-1456136D88F9}.Release|Any CPU.ActiveCfg = Release|Any CPU
		{E9F6E2B0-E4F4-47ED-8A2A-1456136D88F9}.Release|Any CPU.Build.0 = Release|Any CPU
		{9E256A2F-6F76-469C-8387-7C5A35274B55}.Debug|Any CPU.ActiveCfg = Debug|Any CPU
		{9E256A2F-6F76-469C-8387-7C5A35274B55}.Debug|Any CPU.Build.0 = Debug|Any CPU
		{9E256A2F-6F76-469C-8387-7C5A35274B55}.Release|Any CPU.ActiveCfg = Release|Any CPU
		{9E256A2F-6F76-469C-8387-7C5A35274B55}.Release|Any CPU.Build.0 = Release|Any CPU
		{8D8D1FAD-A35D-4793-A325-30EBE380FE06}.Debug|Any CPU.ActiveCfg = Debug|Any CPU
		{8D8D1FAD-A35D-4793-A325-30EBE380FE06}.Debug|Any CPU.Build.0 = Debug|Any CPU
		{8D8D1FAD-A35D-4793-A325-30EBE380FE06}.Release|Any CPU.ActiveCfg = Release|Any CPU
		{8D8D1FAD-A35D-4793-A325-30EBE380FE06}.Release|Any CPU.Build.0 = Release|Any CPU
		{BE4268CA-FBF6-4D29-AE2A-151B8A8F548E}.Debug|Any CPU.ActiveCfg = Debug|Any CPU
		{BE4268CA-FBF6-4D29-AE2A-151B8A8F548E}.Debug|Any CPU.Build.0 = Debug|Any CPU
		{BE4268CA-FBF6-4D29-AE2A-151B8A8F548E}.Release|Any CPU.ActiveCfg = Release|Any CPU
		{BE4268CA-FBF6-4D29-AE2A-151B8A8F548E}.Release|Any CPU.Build.0 = Release|Any CPU
		{1FD27743-2174-4BE8-8B9F-202A554AC64E}.Debug|Any CPU.ActiveCfg = Debug|Any CPU
		{1FD27743-2174-4BE8-8B9F-202A554AC64E}.Debug|Any CPU.Build.0 = Debug|Any CPU
		{1FD27743-2174-4BE8-8B9F-202A554AC64E}.Release|Any CPU.ActiveCfg = Release|Any CPU
		{1FD27743-2174-4BE8-8B9F-202A554AC64E}.Release|Any CPU.Build.0 = Release|Any CPU
		{9A3EB11B-6EA8-44C6-9A80-10B8E0C0E8C0}.Debug|Any CPU.ActiveCfg = Debug|Any CPU
		{9A3EB11B-6EA8-44C6-9A80-10B8E0C0E8C0}.Debug|Any CPU.Build.0 = Debug|Any CPU
		{9A3EB11B-6EA8-44C6-9A80-10B8E0C0E8C0}.Release|Any CPU.ActiveCfg = Release|Any CPU
		{9A3EB11B-6EA8-44C6-9A80-10B8E0C0E8C0}.Release|Any CPU.Build.0 = Release|Any CPU
		{55D9DB14-3ED9-4E5E-B740-3FDBE7F2922F}.Debug|Any CPU.ActiveCfg = Debug|Any CPU
		{55D9DB14-3ED9-4E5E-B740-3FDBE7F2922F}.Debug|Any CPU.Build.0 = Debug|Any CPU
		{55D9DB14-3ED9-4E5E-B740-3FDBE7F2922F}.Release|Any CPU.ActiveCfg = Release|Any CPU
		{55D9DB14-3ED9-4E5E-B740-3FDBE7F2922F}.Release|Any CPU.Build.0 = Release|Any CPU
		{B50E2096-3B96-4530-9B88-ADD9EB84306B}.Debug|Any CPU.ActiveCfg = Debug|Any CPU
		{B50E2096-3B96-4530-9B88-ADD9EB84306B}.Debug|Any CPU.Build.0 = Debug|Any CPU
		{B50E2096-3B96-4530-9B88-ADD9EB84306B}.Release|Any CPU.ActiveCfg = Release|Any CPU
		{B50E2096-3B96-4530-9B88-ADD9EB84306B}.Release|Any CPU.Build.0 = Release|Any CPU
	EndGlobalSection
	GlobalSection(SolutionProperties) = preSolution
		HideSolutionNode = FALSE
	EndGlobalSection
	GlobalSection(NestedProjects) = preSolution
		{D42FF479-F331-48F6-AAA2-45B9FD451892} = {04E5EC1B-C5AD-473B-A833-DC9C2CB4627E}
		{AF224A98-5C8A-4EDA-8341-B704B46D4B3E} = {D42FF479-F331-48F6-AAA2-45B9FD451892}
		{0135FD4A-1407-48DB-8825-572338DD9902} = {40F12CA4-F153-4F4E-AB26-E044EF0D0F7E}
		{79F31531-CFFC-4D6C-B409-5DD4EB830283} = {40F12CA4-F153-4F4E-AB26-E044EF0D0F7E}
		{40F12CA4-F153-4F4E-AB26-E044EF0D0F7E} = {04E5EC1B-C5AD-473B-A833-DC9C2CB4627E}
		{8F980AC0-C0DA-45E6-88BC-4235AA6AC9C1} = {D42FF479-F331-48F6-AAA2-45B9FD451892}
		{FAC74AD9-FB47-4429-A697-56CA6513E8B1} = {40F12CA4-F153-4F4E-AB26-E044EF0D0F7E}
		{B4D49ADD-F501-4AD6-81F3-EA4AAE6EF131} = {D42FF479-F331-48F6-AAA2-45B9FD451892}
		{C9671324-D11F-40A9-839C-C20AF2E16F31} = {40F12CA4-F153-4F4E-AB26-E044EF0D0F7E}
		{439F1981-7D51-41A4-9CC6-CC2538D6CA3C} = {D42FF479-F331-48F6-AAA2-45B9FD451892}
		{1F1D6713-C18D-4449-83EC-BE1E0ACDE65C} = {D42FF479-F331-48F6-AAA2-45B9FD451892}
		{0C173217-4172-4456-878A-EEC51DBE9665} = {40F12CA4-F153-4F4E-AB26-E044EF0D0F7E}
		{C8A34E86-E367-492C-A498-426A0C4E412B} = {D42FF479-F331-48F6-AAA2-45B9FD451892}
		{91B2730C-1C30-4251-98A7-5CF28C86F0FF} = {40F12CA4-F153-4F4E-AB26-E044EF0D0F7E}
		{61823472-ABD6-4482-9105-955DD4EF447F} = {13B83AF8-1FE7-45AB-B2BB-9D892C958891}
		{4E95D4FC-3104-4D5B-B79A-EF50AD08AAF0} = {326DB589-4D7D-4BF3-B434-DCE34DFC454A}
		{AFE0A44D-59D7-4289-AF8D-7FE815FC0AE9} = {326DB589-4D7D-4BF3-B434-DCE34DFC454A}
		{DF156334-AA26-417E-84F9-107DEFE13025} = {326DB589-4D7D-4BF3-B434-DCE34DFC454A}
		{2F545EC5-3116-4B8D-95FB-91936346D3B9} = {326DB589-4D7D-4BF3-B434-DCE34DFC454A}
		{445D8039-4E7C-44EA-A6E4-55608F8620E6} = {326DB589-4D7D-4BF3-B434-DCE34DFC454A}
		{9F0BD77A-E8D0-40F1-8817-B2E7308DFBC3} = {13B83AF8-1FE7-45AB-B2BB-9D892C958891}
		{044A19F6-90C2-458D-B3B1-4EB0428E9981} = {31830F03-183C-4530-A73A-C165A1F5A739}
		{B266155E-EF9E-4FFD-A6F3-A727F1FD1076} = {13B83AF8-1FE7-45AB-B2BB-9D892C958891}
		{5E318A3F-F796-4286-BC25-CBE1DF2DD114} = {326DB589-4D7D-4BF3-B434-DCE34DFC454A}
		{3FA69807-9F78-428D-83A0-03C80AD9D80E} = {326DB589-4D7D-4BF3-B434-DCE34DFC454A}
		{13B83AF8-1FE7-45AB-B2BB-9D892C958891} = {04E5EC1B-C5AD-473B-A833-DC9C2CB4627E}
		{326DB589-4D7D-4BF3-B434-DCE34DFC454A} = {04E5EC1B-C5AD-473B-A833-DC9C2CB4627E}
		{35BD13A6-A4B6-494E-834C-1F9DCB1BFCBD} = {13B83AF8-1FE7-45AB-B2BB-9D892C958891}
		{FAECA5E3-8F86-4D07-95F8-D83BE503F84C} = {13B83AF8-1FE7-45AB-B2BB-9D892C958891}
		{E9F6E2B0-E4F4-47ED-8A2A-1456136D88F9} = {D42FF479-F331-48F6-AAA2-45B9FD451892}
		{9E256A2F-6F76-469C-8387-7C5A35274B55} = {D42FF479-F331-48F6-AAA2-45B9FD451892}
		{8D8D1FAD-A35D-4793-A325-30EBE380FE06} = {326DB589-4D7D-4BF3-B434-DCE34DFC454A}
		{BE4268CA-FBF6-4D29-AE2A-151B8A8F548E} = {326DB589-4D7D-4BF3-B434-DCE34DFC454A}
		{44B336DD-E758-45E6-9E35-E777DE3AA52B} = {04E5EC1B-C5AD-473B-A833-DC9C2CB4627E}
		{1FD27743-2174-4BE8-8B9F-202A554AC64E} = {44B336DD-E758-45E6-9E35-E777DE3AA52B}
		{9A3EB11B-6EA8-44C6-9A80-10B8E0C0E8C0} = {13B83AF8-1FE7-45AB-B2BB-9D892C958891}
		{55D9DB14-3ED9-4E5E-B740-3FDBE7F2922F} = {D42FF479-F331-48F6-AAA2-45B9FD451892}
		{B50E2096-3B96-4530-9B88-ADD9EB84306B} = {44B336DD-E758-45E6-9E35-E777DE3AA52B}
	EndGlobalSection
	GlobalSection(ExtensibilityGlobals) = postSolution
		SolutionGuid = {F45DD46C-6040-4FCC-87E0-648786C36933}
	EndGlobalSection
EndGlobal
