Microsoft Visual Studio Solution File, Format Version 12.00
# Visual Studio Version 17
VisualStudioVersion = 17.5.2.0
MinimumVisualStudioVersion = 10.0.40219.1
Project("{FAE04EC0-301F-11D3-BF4B-00C04F79EFBC}") = "ZLJ.Admin.ClientProxy", "ZLJ.Admin.ClientProxy\ZLJ.Admin.ClientProxy.csproj", "{2FFAF6CC-33C5-3743-623A-0CECAC697AA7}"
EndProject
Project("{FAE04EC0-301F-11D3-BF4B-00C04F79EFBC}") = "ZLJ.Admin.CoreRCL", "ZLJ.Admin.CoreRCL\ZLJ.Admin.CoreRCL.csproj", "{26251473-8DFA-BB75-223A-4BD05D7E7901}"
EndProject
Project("{FAE04EC0-301F-11D3-BF4B-00C04F79EFBC}") = "ZLJ.Application", "ZLJ.Application\ZLJ.Application.csproj", "{E07878FB-E551-B763-4774-7618E92411C8}"
EndProject
Project("{FAE04EC0-301F-11D3-BF4B-00C04F79EFBC}") = "ZLJ.Application.Common", "ZLJ.Application.Common\ZLJ.Application.Common.csproj", "{649AA782-AE54-7AAA-1516-7C444F05785D}"
EndProject
Project("{FAE04EC0-301F-11D3-BF4B-00C04F79EFBC}") = "ZLJ.Application.Common.ClientProxy", "ZLJ.Application.Common.ClientProxy\ZLJ.Application.Common.ClientProxy.csproj", "{B27E88D1-8A6E-1FCE-B0AC-159DF1CDA0AB}"
EndProject
Project("{FAE04EC0-301F-11D3-BF4B-00C04F79EFBC}") = "ZLJ.Application.Common.Share", "ZLJ.Application.Common.Share\ZLJ.Application.Common.Share.csproj", "{61BBED5A-9F52-CC4A-86FF-346A995230D7}"
EndProject
Project("{FAE04EC0-301F-11D3-BF4B-00C04F79EFBC}") = "ZLJ.Application.Share", "ZLJ.Application.Share\ZLJ.Application.Share.csproj", "{1AA5C321-98CB-DA52-7B54-97FB0020EBC4}"
EndProject
Project("{FAE04EC0-301F-11D3-BF4B-00C04F79EFBC}") = "ZLJ.Core", "ZLJ.Core\ZLJ.Core.csproj", "{88CF1AD3-4536-76C9-86BB-2A0F5B09ADF2}"
EndProject
Project("{FAE04EC0-301F-11D3-BF4B-00C04F79EFBC}") = "ZLJ.Core.Share", "ZLJ.Core.Share\ZLJ.Core.Share.csproj", "{41391EB3-BEB1-7CD4-114A-861C481A1199}"
EndProject
Project("{FAE04EC0-301F-11D3-BF4B-00C04F79EFBC}") = "ZLJ.EntityFrameworkCore", "ZLJ.EntityFrameworkCore\ZLJ.EntityFrameworkCore.csproj", "{E84D2AFD-C0A8-32AA-9C22-DE4E844A606E}"
EndProject
Project("{FAE04EC0-301F-11D3-BF4B-00C04F79EFBC}") = "ZLJ.Migrator", "ZLJ.Migrator\ZLJ.Migrator.csproj", "{99C28F60-39A2-8B81-1482-45AC43CDB779}"
EndProject
Project("{FAE04EC0-301F-11D3-BF4B-00C04F79EFBC}") = "ZLJ.RCL", "ZLJ.RCL\ZLJ.RCL.csproj", "{2015D89B-EC68-F983-B00F-A1870F34E265}"
EndProject
Project("{FAE04EC0-301F-11D3-BF4B-00C04F79EFBC}") = "ZLJ.Web.BlazorAuto", "ZLJ.Web.BlazorAuto\ZLJ.Web.BlazorAuto.csproj", "{73C2DBC1-6E24-529B-0DEF-84D23F049CE3}"
EndProject
Project("{FAE04EC0-301F-11D3-BF4B-00C04F79EFBC}") = "ZLJ.Web.Core", "ZLJ.Web.Core\ZLJ.Web.Core.csproj", "{67B7175C-70A8-B0F4-D0FE-758E2368529B}"
EndProject
Project("{FAE04EC0-301F-11D3-BF4B-00C04F79EFBC}") = "ZLJ.Web.Host", "ZLJ.Web.Host\ZLJ.Web.Host.csproj", "{4F7B8A99-28F9-522E-5A6F-BC181C5ED2A3}"
EndProject
Project("{2150E333-8FDC-42A3-9474-1A3956D46DE8}") = "Libs", "Libs", "{6C4D298B-81FB-2B6B-5AB6-46205EDDC72C}"
EndProject
Project("{2150E333-8FDC-42A3-9474-1A3956D46DE8}") = "Modules", "Modules", "{CA253913-39DE-BFD0-C9A3-4B7EC6FBDF17}"
EndProject
Project("{2150E333-8FDC-42A3-9474-1A3956D46DE8}") = "Tools", "Tools", "{07C2787E-EAC7-C090-1BA3-A61EC2A24D84}"
EndProject
Project("{FAE04EC0-301F-11D3-BF4B-00C04F79EFBC}") = "BXJG.Common", "Libs\BXJG.Common\BXJG.Common.csproj", "{5E28CDF3-F36E-6FC1-A757-C0D2D2714A29}"
EndProject
Project("{FAE04EC0-301F-11D3-BF4B-00C04F79EFBC}") = "BXJG.Common.EFCore", "Libs\BXJG.Common.EFCore\BXJG.Common.EFCore.csproj", "{D0CF612E-9388-1812-9173-F5B48EE83EC6}"
EndProject
Project("{FAE04EC0-301F-11D3-BF4B-00C04F79EFBC}") = "BXJG.Common.RCL", "Libs\BXJG.Common.RCL\BXJG.Common.RCL.csproj", "{CC8BAB75-EDF2-E71B-BB38-FA8266C258A8}"
EndProject
Project("{FAE04EC0-301F-11D3-BF4B-00C04F79EFBC}") = "BXJG.Common.Web", "Libs\BXJG.Common.Web\BXJG.Common.Web.csproj", "{C7A24F14-54E3-AB26-F7D6-BD15906FFB80}"
EndProject
Project("{FAE04EC0-301F-11D3-BF4B-00C04F79EFBC}") = "BXJG.WeChat", "Libs\BXJG.Wechat\BXJG.WeChat.csproj", "{B38D2C8A-309B-F142-5814-9FBFEB968E3D}"
EndProject
Project("{FAE04EC0-301F-11D3-BF4B-00C04F79EFBC}") = "BXJG.WeChat.Web", "Libs\BXJG.WeChat.Web\BXJG.WeChat.Web.csproj", "{1B294DEB-12D0-39AF-8543-BE85C146048A}"
EndProject
Project("{FAE04EC0-301F-11D3-BF4B-00C04F79EFBC}") = "BXJG.Utils", "Modules\BXJG.Utils\BXJG.Utils.csproj", "{6105F088-B72E-A5C1-DB00-372AB719B1E6}"
EndProject
Project("{FAE04EC0-301F-11D3-BF4B-00C04F79EFBC}") = "BXJG.Utils.Application", "Modules\BXJG.Utils.Application\BXJG.Utils.Application.csproj", "{39360235-1C48-B9DC-6190-60601500B6D5}"
EndProject
Project("{FAE04EC0-301F-11D3-BF4B-00C04F79EFBC}") = "BXJG.Utils.Application.ClientProxy", "Modules\BXJG.Utils.Application.ClientProxy\BXJG.Utils.Application.ClientProxy.csproj", "{07BF5FEF-F7EC-9A01-3D00-6AFFA7A1DCF2}"
EndProject
Project("{FAE04EC0-301F-11D3-BF4B-00C04F79EFBC}") = "BXJG.Utils.Application.Share", "Modules\BXJG.Utils.Application.Share\BXJG.Utils.Application.Share.csproj", "{6FBD7081-9955-CBC1-408C-5FFF00A4CC1F}"
EndProject
Project("{FAE04EC0-301F-11D3-BF4B-00C04F79EFBC}") = "BXJG.Utils.EFCore", "Modules\BXJG.Utils.EFCore\BXJG.Utils.EFCore.csproj", "{79BB3E83-1CA1-EF03-0DEB-8035D1CED5C5}"
EndProject
Project("{FAE04EC0-301F-11D3-BF4B-00C04F79EFBC}") = "BXJG.Utils.RCL", "Modules\BXJG.Utils.RCL\BXJG.Utils.RCL.csproj", "{43D31FF8-A8B5-37A8-C241-A6812B3228E6}"
EndProject
Project("{FAE04EC0-301F-11D3-BF4B-00C04F79EFBC}") = "BXJG.Utils.Share", "Modules\BXJG.Utils.Share\BXJG.Utils.Share.csproj", "{FDE2541C-8C21-7572-9B08-2BF91FF1BA70}"
EndProject
Project("{FAE04EC0-301F-11D3-BF4B-00C04F79EFBC}") = "BXJG.Utils.Web", "Modules\BXJG.Utils.Web\BXJG.Utils.Web.csproj", "{726B8583-60DC-78F6-6F74-B543EB402B32}"
EndProject
Project("{FAE04EC0-301F-11D3-BF4B-00C04F79EFBC}") = "BXJG.WeChat.Abp", "Modules\BXJG.WeChat.Abp\BXJG.WeChat.Abp.csproj", "{C09450FD-FA2B-8B85-BD6F-08067CB6BE09}"
EndProject
Project("{FAE04EC0-301F-11D3-BF4B-00C04F79EFBC}") = "AutoScript", "Tools\AutoScript\AutoScript.csproj", "{C56B480B-C2FE-81FA-7BBF-D0489F43B959}"
EndProject
Project("{FAE04EC0-301F-11D3-BF4B-00C04F79EFBC}") = "CodeGenerator", "Tools\CodeGenerator\CodeGenerator.csproj", "{6ED469CE-CFFD-4D2A-E99F-95CDC00E38C8}"
EndProject
Global
	GlobalSection(SolutionConfigurationPlatforms) = preSolution
		Debug|Any CPU = Debug|Any CPU
		Release|Any CPU = Release|Any CPU
	EndGlobalSection
	GlobalSection(ProjectConfigurationPlatforms) = postSolution
		{2FFAF6CC-33C5-3743-623A-0CECAC697AA7}.Debug|Any CPU.ActiveCfg = Debug|Any CPU
		{2FFAF6CC-33C5-3743-623A-0CECAC697AA7}.Debug|Any CPU.Build.0 = Debug|Any CPU
		{2FFAF6CC-33C5-3743-623A-0CECAC697AA7}.Release|Any CPU.ActiveCfg = Release|Any CPU
		{2FFAF6CC-33C5-3743-623A-0CECAC697AA7}.Release|Any CPU.Build.0 = Release|Any CPU
		{26251473-8DFA-BB75-223A-4BD05D7E7901}.Debug|Any CPU.ActiveCfg = Debug|Any CPU
		{26251473-8DFA-BB75-223A-4BD05D7E7901}.Debug|Any CPU.Build.0 = Debug|Any CPU
		{26251473-8DFA-BB75-223A-4BD05D7E7901}.Release|Any CPU.ActiveCfg = Release|Any CPU
		{26251473-8DFA-BB75-223A-4BD05D7E7901}.Release|Any CPU.Build.0 = Release|Any CPU
		{E07878FB-E551-B763-4774-7618E92411C8}.Debug|Any CPU.ActiveCfg = Debug|Any CPU
		{E07878FB-E551-B763-4774-7618E92411C8}.Debug|Any CPU.Build.0 = Debug|Any CPU
		{E07878FB-E551-B763-4774-7618E92411C8}.Release|Any CPU.ActiveCfg = Release|Any CPU
		{E07878FB-E551-B763-4774-7618E92411C8}.Release|Any CPU.Build.0 = Release|Any CPU
		{649AA782-AE54-7AAA-1516-7C444F05785D}.Debug|Any CPU.ActiveCfg = Debug|Any CPU
		{649AA782-AE54-7AAA-1516-7C444F05785D}.Debug|Any CPU.Build.0 = Debug|Any CPU
		{649AA782-AE54-7AAA-1516-7C444F05785D}.Release|Any CPU.ActiveCfg = Release|Any CPU
		{649AA782-AE54-7AAA-1516-7C444F05785D}.Release|Any CPU.Build.0 = Release|Any CPU
		{B27E88D1-8A6E-1FCE-B0AC-159DF1CDA0AB}.Debug|Any CPU.ActiveCfg = Debug|Any CPU
		{B27E88D1-8A6E-1FCE-B0AC-159DF1CDA0AB}.Debug|Any CPU.Build.0 = Debug|Any CPU
		{B27E88D1-8A6E-1FCE-B0AC-159DF1CDA0AB}.Release|Any CPU.ActiveCfg = Release|Any CPU
		{B27E88D1-8A6E-1FCE-B0AC-159DF1CDA0AB}.Release|Any CPU.Build.0 = Release|Any CPU
		{61BBED5A-9F52-CC4A-86FF-346A995230D7}.Debug|Any CPU.ActiveCfg = Debug|Any CPU
		{61BBED5A-9F52-CC4A-86FF-346A995230D7}.Debug|Any CPU.Build.0 = Debug|Any CPU
		{61BBED5A-9F52-CC4A-86FF-346A995230D7}.Release|Any CPU.ActiveCfg = Release|Any CPU
		{61BBED5A-9F52-CC4A-86FF-346A995230D7}.Release|Any CPU.Build.0 = Release|Any CPU
		{1AA5C321-98CB-DA52-7B54-97FB0020EBC4}.Debug|Any CPU.ActiveCfg = Debug|Any CPU
		{1AA5C321-98CB-DA52-7B54-97FB0020EBC4}.Debug|Any CPU.Build.0 = Debug|Any CPU
		{1AA5C321-98CB-DA52-7B54-97FB0020EBC4}.Release|Any CPU.ActiveCfg = Release|Any CPU
		{1AA5C321-98CB-DA52-7B54-97FB0020EBC4}.Release|Any CPU.Build.0 = Release|Any CPU
		{88CF1AD3-4536-76C9-86BB-2A0F5B09ADF2}.Debug|Any CPU.ActiveCfg = Debug|Any CPU
		{88CF1AD3-4536-76C9-86BB-2A0F5B09ADF2}.Debug|Any CPU.Build.0 = Debug|Any CPU
		{88CF1AD3-4536-76C9-86BB-2A0F5B09ADF2}.Release|Any CPU.ActiveCfg = Release|Any CPU
		{88CF1AD3-4536-76C9-86BB-2A0F5B09ADF2}.Release|Any CPU.Build.0 = Release|Any CPU
		{41391EB3-BEB1-7CD4-114A-861C481A1199}.Debug|Any CPU.ActiveCfg = Debug|Any CPU
		{41391EB3-BEB1-7CD4-114A-861C481A1199}.Debug|Any CPU.Build.0 = Debug|Any CPU
		{41391EB3-BEB1-7CD4-114A-861C481A1199}.Release|Any CPU.ActiveCfg = Release|Any CPU
		{41391EB3-BEB1-7CD4-114A-861C481A1199}.Release|Any CPU.Build.0 = Release|Any CPU
		{E84D2AFD-C0A8-32AA-9C22-DE4E844A606E}.Debug|Any CPU.ActiveCfg = Debug|Any CPU
		{E84D2AFD-C0A8-32AA-9C22-DE4E844A606E}.Debug|Any CPU.Build.0 = Debug|Any CPU
		{E84D2AFD-C0A8-32AA-9C22-DE4E844A606E}.Release|Any CPU.ActiveCfg = Release|Any CPU
		{E84D2AFD-C0A8-32AA-9C22-DE4E844A606E}.Release|Any CPU.Build.0 = Release|Any CPU
		{99C28F60-39A2-8B81-1482-45AC43CDB779}.Debug|Any CPU.ActiveCfg = Debug|Any CPU
		{99C28F60-39A2-8B81-1482-45AC43CDB779}.Debug|Any CPU.Build.0 = Debug|Any CPU
		{99C28F60-39A2-8B81-1482-45AC43CDB779}.Release|Any CPU.ActiveCfg = Release|Any CPU
		{99C28F60-39A2-8B81-1482-45AC43CDB779}.Release|Any CPU.Build.0 = Release|Any CPU
		{2015D89B-EC68-F983-B00F-A1870F34E265}.Debug|Any CPU.ActiveCfg = Debug|Any CPU
		{2015D89B-EC68-F983-B00F-A1870F34E265}.Debug|Any CPU.Build.0 = Debug|Any CPU
		{2015D89B-EC68-F983-B00F-A1870F34E265}.Release|Any CPU.ActiveCfg = Release|Any CPU
		{2015D89B-EC68-F983-B00F-A1870F34E265}.Release|Any CPU.Build.0 = Release|Any CPU
		{73C2DBC1-6E24-529B-0DEF-84D23F049CE3}.Debug|Any CPU.ActiveCfg = Debug|Any CPU
		{73C2DBC1-6E24-529B-0DEF-84D23F049CE3}.Debug|Any CPU.Build.0 = Debug|Any CPU
		{73C2DBC1-6E24-529B-0DEF-84D23F049CE3}.Release|Any CPU.ActiveCfg = Release|Any CPU
		{73C2DBC1-6E24-529B-0DEF-84D23F049CE3}.Release|Any CPU.Build.0 = Release|Any CPU
		{67B7175C-70A8-B0F4-D0FE-758E2368529B}.Debug|Any CPU.ActiveCfg = Debug|Any CPU
		{67B7175C-70A8-B0F4-D0FE-758E2368529B}.Debug|Any CPU.Build.0 = Debug|Any CPU
		{67B7175C-70A8-B0F4-D0FE-758E2368529B}.Release|Any CPU.ActiveCfg = Release|Any CPU
		{67B7175C-70A8-B0F4-D0FE-758E2368529B}.Release|Any CPU.Build.0 = Release|Any CPU
		{4F7B8A99-28F9-522E-5A6F-BC181C5ED2A3}.Debug|Any CPU.ActiveCfg = Debug|Any CPU
		{4F7B8A99-28F9-522E-5A6F-BC181C5ED2A3}.Debug|Any CPU.Build.0 = Debug|Any CPU
		{4F7B8A99-28F9-522E-5A6F-BC181C5ED2A3}.Release|Any CPU.ActiveCfg = Release|Any CPU
		{4F7B8A99-28F9-522E-5A6F-BC181C5ED2A3}.Release|Any CPU.Build.0 = Release|Any CPU
		{5E28CDF3-F36E-6FC1-A757-C0D2D2714A29}.Debug|Any CPU.ActiveCfg = Debug|Any CPU
		{5E28CDF3-F36E-6FC1-A757-C0D2D2714A29}.Debug|Any CPU.Build.0 = Debug|Any CPU
		{5E28CDF3-F36E-6FC1-A757-C0D2D2714A29}.Release|Any CPU.ActiveCfg = Release|Any CPU
		{5E28CDF3-F36E-6FC1-A757-C0D2D2714A29}.Release|Any CPU.Build.0 = Release|Any CPU
		{D0CF612E-9388-1812-9173-F5B48EE83EC6}.Debug|Any CPU.ActiveCfg = Debug|Any CPU
		{D0CF612E-9388-1812-9173-F5B48EE83EC6}.Debug|Any CPU.Build.0 = Debug|Any CPU
		{D0CF612E-9388-1812-9173-F5B48EE83EC6}.Release|Any CPU.ActiveCfg = Release|Any CPU
		{D0CF612E-9388-1812-9173-F5B48EE83EC6}.Release|Any CPU.Build.0 = Release|Any CPU
		{CC8BAB75-EDF2-E71B-BB38-FA8266C258A8}.Debug|Any CPU.ActiveCfg = Debug|Any CPU
		{CC8BAB75-EDF2-E71B-BB38-FA8266C258A8}.Debug|Any CPU.Build.0 = Debug|Any CPU
		{CC8BAB75-EDF2-E71B-BB38-FA8266C258A8}.Release|Any CPU.ActiveCfg = Release|Any CPU
		{CC8BAB75-EDF2-E71B-BB38-FA8266C258A8}.Release|Any CPU.Build.0 = Release|Any CPU
		{C7A24F14-54E3-AB26-F7D6-BD15906FFB80}.Debug|Any CPU.ActiveCfg = Debug|Any CPU
		{C7A24F14-54E3-AB26-F7D6-BD15906FFB80}.Debug|Any CPU.Build.0 = Debug|Any CPU
		{C7A24F14-54E3-AB26-F7D6-BD15906FFB80}.Release|Any CPU.ActiveCfg = Release|Any CPU
		{C7A24F14-54E3-AB26-F7D6-BD15906FFB80}.Release|Any CPU.Build.0 = Release|Any CPU
		{B38D2C8A-309B-F142-5814-9FBFEB968E3D}.Debug|Any CPU.ActiveCfg = Debug|Any CPU
		{B38D2C8A-309B-F142-5814-9FBFEB968E3D}.Debug|Any CPU.Build.0 = Debug|Any CPU
		{B38D2C8A-309B-F142-5814-9FBFEB968E3D}.Release|Any CPU.ActiveCfg = Release|Any CPU
		{B38D2C8A-309B-F142-5814-9FBFEB968E3D}.Release|Any CPU.Build.0 = Release|Any CPU
		{1B294DEB-12D0-39AF-8543-BE85C146048A}.Debug|Any CPU.ActiveCfg = Debug|Any CPU
		{1B294DEB-12D0-39AF-8543-BE85C146048A}.Debug|Any CPU.Build.0 = Debug|Any CPU
		{1B294DEB-12D0-39AF-8543-BE85C146048A}.Release|Any CPU.ActiveCfg = Release|Any CPU
		{1B294DEB-12D0-39AF-8543-BE85C146048A}.Release|Any CPU.Build.0 = Release|Any CPU
		{6105F088-B72E-A5C1-DB00-372AB719B1E6}.Debug|Any CPU.ActiveCfg = Debug|Any CPU
		{6105F088-B72E-A5C1-DB00-372AB719B1E6}.Debug|Any CPU.Build.0 = Debug|Any CPU
		{6105F088-B72E-A5C1-DB00-372AB719B1E6}.Release|Any CPU.ActiveCfg = Release|Any CPU
		{6105F088-B72E-A5C1-DB00-372AB719B1E6}.Release|Any CPU.Build.0 = Release|Any CPU
		{39360235-1C48-B9DC-6190-60601500B6D5}.Debug|Any CPU.ActiveCfg = Debug|Any CPU
		{39360235-1C48-B9DC-6190-60601500B6D5}.Debug|Any CPU.Build.0 = Debug|Any CPU
		{39360235-1C48-B9DC-6190-60601500B6D5}.Release|Any CPU.ActiveCfg = Release|Any CPU
		{39360235-1C48-B9DC-6190-60601500B6D5}.Release|Any CPU.Build.0 = Release|Any CPU
		{07BF5FEF-F7EC-9A01-3D00-6AFFA7A1DCF2}.Debug|Any CPU.ActiveCfg = Debug|Any CPU
		{07BF5FEF-F7EC-9A01-3D00-6AFFA7A1DCF2}.Debug|Any CPU.Build.0 = Debug|Any CPU
		{07BF5FEF-F7EC-9A01-3D00-6AFFA7A1DCF2}.Release|Any CPU.ActiveCfg = Release|Any CPU
		{07BF5FEF-F7EC-9A01-3D00-6AFFA7A1DCF2}.Release|Any CPU.Build.0 = Release|Any CPU
		{6FBD7081-9955-CBC1-408C-5FFF00A4CC1F}.Debug|Any CPU.ActiveCfg = Debug|Any CPU
		{6FBD7081-9955-CBC1-408C-5FFF00A4CC1F}.Debug|Any CPU.Build.0 = Debug|Any CPU
		{6FBD7081-9955-CBC1-408C-5FFF00A4CC1F}.Release|Any CPU.ActiveCfg = Release|Any CPU
		{6FBD7081-9955-CBC1-408C-5FFF00A4CC1F}.Release|Any CPU.Build.0 = Release|Any CPU
		{79BB3E83-1CA1-EF03-0DEB-8035D1CED5C5}.Debug|Any CPU.ActiveCfg = Debug|Any CPU
		{79BB3E83-1CA1-EF03-0DEB-8035D1CED5C5}.Debug|Any CPU.Build.0 = Debug|Any CPU
		{79BB3E83-1CA1-EF03-0DEB-8035D1CED5C5}.Release|Any CPU.ActiveCfg = Release|Any CPU
		{79BB3E83-1CA1-EF03-0DEB-8035D1CED5C5}.Release|Any CPU.Build.0 = Release|Any CPU
		{43D31FF8-A8B5-37A8-C241-A6812B3228E6}.Debug|Any CPU.ActiveCfg = Debug|Any CPU
		{43D31FF8-A8B5-37A8-C241-A6812B3228E6}.Debug|Any CPU.Build.0 = Debug|Any CPU
		{43D31FF8-A8B5-37A8-C241-A6812B3228E6}.Release|Any CPU.ActiveCfg = Release|Any CPU
		{43D31FF8-A8B5-37A8-C241-A6812B3228E6}.Release|Any CPU.Build.0 = Release|Any CPU
		{FDE2541C-8C21-7572-9B08-2BF91FF1BA70}.Debug|Any CPU.ActiveCfg = Debug|Any CPU
		{FDE2541C-8C21-7572-9B08-2BF91FF1BA70}.Debug|Any CPU.Build.0 = Debug|Any CPU
		{FDE2541C-8C21-7572-9B08-2BF91FF1BA70}.Release|Any CPU.ActiveCfg = Release|Any CPU
		{FDE2541C-8C21-7572-9B08-2BF91FF1BA70}.Release|Any CPU.Build.0 = Release|Any CPU
		{726B8583-60DC-78F6-6F74-B543EB402B32}.Debug|Any CPU.ActiveCfg = Debug|Any CPU
		{726B8583-60DC-78F6-6F74-B543EB402B32}.Debug|Any CPU.Build.0 = Debug|Any CPU
		{726B8583-60DC-78F6-6F74-B543EB402B32}.Release|Any CPU.ActiveCfg = Release|Any CPU
		{726B8583-60DC-78F6-6F74-B543EB402B32}.Release|Any CPU.Build.0 = Release|Any CPU
		{C09450FD-FA2B-8B85-BD6F-08067CB6BE09}.Debug|Any CPU.ActiveCfg = Debug|Any CPU
		{C09450FD-FA2B-8B85-BD6F-08067CB6BE09}.Debug|Any CPU.Build.0 = Debug|Any CPU
		{C09450FD-FA2B-8B85-BD6F-08067CB6BE09}.Release|Any CPU.ActiveCfg = Release|Any CPU
		{C09450FD-FA2B-8B85-BD6F-08067CB6BE09}.Release|Any CPU.Build.0 = Release|Any CPU
		{C56B480B-C2FE-81FA-7BBF-D0489F43B959}.Debug|Any CPU.ActiveCfg = Debug|Any CPU
		{C56B480B-C2FE-81FA-7BBF-D0489F43B959}.Debug|Any CPU.Build.0 = Debug|Any CPU
		{C56B480B-C2FE-81FA-7BBF-D0489F43B959}.Release|Any CPU.ActiveCfg = Release|Any CPU
		{C56B480B-C2FE-81FA-7BBF-D0489F43B959}.Release|Any CPU.Build.0 = Release|Any CPU
		{6ED469CE-CFFD-4D2A-E99F-95CDC00E38C8}.Debug|Any CPU.ActiveCfg = Debug|Any CPU
		{6ED469CE-CFFD-4D2A-E99F-95CDC00E38C8}.Debug|Any CPU.Build.0 = Debug|Any CPU
		{6ED469CE-CFFD-4D2A-E99F-95CDC00E38C8}.Release|Any CPU.ActiveCfg = Release|Any CPU
		{6ED469CE-CFFD-4D2A-E99F-95CDC00E38C8}.Release|Any CPU.Build.0 = Release|Any CPU
	EndGlobalSection
	GlobalSection(SolutionProperties) = preSolution
		HideSolutionNode = FALSE
	EndGlobalSection
	GlobalSection(NestedProjects) = preSolution
		{5E28CDF3-F36E-6FC1-A757-C0D2D2714A29} = {6C4D298B-81FB-2B6B-5AB6-46205EDDC72C}
		{D0CF612E-9388-1812-9173-F5B48EE83EC6} = {6C4D298B-81FB-2B6B-5AB6-46205EDDC72C}
		{CC8BAB75-EDF2-E71B-BB38-FA8266C258A8} = {6C4D298B-81FB-2B6B-5AB6-46205EDDC72C}
		{C7A24F14-54E3-AB26-F7D6-BD15906FFB80} = {6C4D298B-81FB-2B6B-5AB6-46205EDDC72C}
		{B38D2C8A-309B-F142-5814-9FBFEB968E3D} = {6C4D298B-81FB-2B6B-5AB6-46205EDDC72C}
		{1B294DEB-12D0-39AF-8543-BE85C146048A} = {6C4D298B-81FB-2B6B-5AB6-46205EDDC72C}
		{6105F088-B72E-A5C1-DB00-372AB719B1E6} = {CA253913-39DE-BFD0-C9A3-4B7EC6FBDF17}
		{39360235-1C48-B9DC-6190-60601500B6D5} = {CA253913-39DE-BFD0-C9A3-4B7EC6FBDF17}
		{07BF5FEF-F7EC-9A01-3D00-6AFFA7A1DCF2} = {CA253913-39DE-BFD0-C9A3-4B7EC6FBDF17}
		{6FBD7081-9955-CBC1-408C-5FFF00A4CC1F} = {CA253913-39DE-BFD0-C9A3-4B7EC6FBDF17}
		{79BB3E83-1CA1-EF03-0DEB-8035D1CED5C5} = {CA253913-39DE-BFD0-C9A3-4B7EC6FBDF17}
		{43D31FF8-A8B5-37A8-C241-A6812B3228E6} = {CA253913-39DE-BFD0-C9A3-4B7EC6FBDF17}
		{FDE2541C-8C21-7572-9B08-2BF91FF1BA70} = {CA253913-39DE-BFD0-C9A3-4B7EC6FBDF17}
		{726B8583-60DC-78F6-6F74-B543EB402B32} = {CA253913-39DE-BFD0-C9A3-4B7EC6FBDF17}
		{C09450FD-FA2B-8B85-BD6F-08067CB6BE09} = {CA253913-39DE-BFD0-C9A3-4B7EC6FBDF17}
		{C56B480B-C2FE-81FA-7BBF-D0489F43B959} = {07C2787E-EAC7-C090-1BA3-A61EC2A24D84}
		{6ED469CE-CFFD-4D2A-E99F-95CDC00E38C8} = {07C2787E-EAC7-C090-1BA3-A61EC2A24D84}
	EndGlobalSection
	GlobalSection(ExtensibilityGlobals) = postSolution
		SolutionGuid = {2D71E5CB-D741-46CC-8893-23DAF563AE74}
	EndGlobalSection
EndGlobal
